{
  "originHash" : "f3534611ac88035618f9e58dfc846d681f492f38a60047af392b1ece8687eedb",
  "pins" : [
    {
      "identity" : "coregpx",
      "kind" : "remoteSourceControl",
      "location" : "https://github.com/vincentneo/CoreGPX.git",
      "state" : {
        "revision" : "90dea5dea799e2b3684f5c72f07141d8516ce80b",
        "version" : "0.9.2"
      }
    }
  ],
  "version" : 3
}
