// !$*UTF8*$!
{
	archiveVersion = 1;
	classes = {
	};
	objectVersion = 55;
	objects = {

/* Begin PBXBuildFile section */
		2360C67A282558EB00EF21D3 /* JGProgressHUDWrapper.swift in Sources */ = {isa = PBXBuildFile; fileRef = 2360C679282558EB00EF21D3 /* JGProgressHUDWrapper.swift */; };
		23C8872E2815C05F00E3319A /* Pods_RideTogether.framework in Frameworks */ = {isa = PBXBuildFile; fileRef = E9F682B0A583FE5FB7AEF0F4 /* Pods_RideTogether.framework */; };
		23D1B72F280033FB000EDA70 /* AppDelegate.swift in Sources */ = {isa = PBXBuildFile; fileRef = 23D1B72E280033FB000EDA70 /* AppDelegate.swift */; };
		23D1B731280033FB000EDA70 /* SceneDelegate.swift in Sources */ = {isa = PBXBuildFile; fileRef = 23D1B730280033FB000EDA70 /* SceneDelegate.swift */; };
		23D1B738280033FC000EDA70 /* Assets.xcassets in Resources */ = {isa = PBXBuildFile; fileRef = 23D1B737280033FC000EDA70 /* Assets.xcassets */; };
		23D1B73B280033FC000EDA70 /* LaunchScreen.storyboard in Resources */ = {isa = PBXBuildFile; fileRef = 23D1B739280033FC000EDA70 /* LaunchScreen.storyboard */; };
		3B903E5A2AEC1341009D1B14 /* KFLoginViewController.swift in Sources */ = {isa = PBXBuildFile; fileRef = 3B903E582AEC1341009D1B14 /* KFLoginViewController.swift */; };
		3B903E5B2AEC1341009D1B14 /* KFLoginViewModel.swift in Sources */ = {isa = PBXBuildFile; fileRef = 3B903E592AEC1341009D1B14 /* KFLoginViewModel.swift */; };
		3B903E5E2AEC134B009D1B14 /* KFSignUpViewController.swift in Sources */ = {isa = PBXBuildFile; fileRef = 3B903E5C2AEC134B009D1B14 /* KFSignUpViewController.swift */; };
		3B903E5F2AEC134B009D1B14 /* KFSignUpViewModel.swift in Sources */ = {isa = PBXBuildFile; fileRef = 3B903E5D2AEC134B009D1B14 /* KFSignUpViewModel.swift */; };
		3B903E622AEC1358009D1B14 /* KFPolicyViewController.swift in Sources */ = {isa = PBXBuildFile; fileRef = 3B903E602AEC1358009D1B14 /* KFPolicyViewController.swift */; };
		3B903E632AEC1358009D1B14 /* KFPolicyViewModel.swift in Sources */ = {isa = PBXBuildFile; fileRef = 3B903E612AEC1358009D1B14 /* KFPolicyViewModel.swift */; };
		3B903E672AEC1392009D1B14 /* ExploreViewController.swift in Sources */ = {isa = PBXBuildFile; fileRef = 3B903E652AEC1392009D1B14 /* ExploreViewController.swift */; };
		3B903E682AEC1392009D1B14 /* ExploreViewModel.swift in Sources */ = {isa = PBXBuildFile; fileRef = 3B903E662AEC1392009D1B14 /* ExploreViewModel.swift */; };
		3B903E6E2AEC13BA009D1B14 /* MapViewController.swift in Sources */ = {isa = PBXBuildFile; fileRef = 3B903E6C2AEC13BA009D1B14 /* MapViewController.swift */; };
		3B903E6F2AEC13BA009D1B14 /* MapViewModel.swift in Sources */ = {isa = PBXBuildFile; fileRef = 3B903E6D2AEC13BA009D1B14 /* MapViewModel.swift */; };
		3B903E722AEC13C4009D1B14 /* GroupViewController.swift in Sources */ = {isa = PBXBuildFile; fileRef = 3B903E702AEC13C4009D1B14 /* GroupViewController.swift */; };
		3B903E732AEC13C4009D1B14 /* GroupViewModel.swift in Sources */ = {isa = PBXBuildFile; fileRef = 3B903E712AEC13C4009D1B14 /* GroupViewModel.swift */; };
		3B903E762AEC13D3009D1B14 /* UserViewController.swift in Sources */ = {isa = PBXBuildFile; fileRef = 3B903E742AEC13D3009D1B14 /* UserViewController.swift */; };
		3B903E772AEC13D3009D1B14 /* UserViewModel.swift in Sources */ = {isa = PBXBuildFile; fileRef = 3B903E752AEC13D3009D1B14 /* UserViewModel.swift */; };
		3B903E802AEC2802009D1B14 /* NotoSansTC-Regular.otf in Resources */ = {isa = PBXBuildFile; fileRef = 3B903E792AEC2802009D1B14 /* NotoSansTC-Regular.otf */; };
		3B903E812AEC2802009D1B14 /* NotoSansTC-Bold.otf in Resources */ = {isa = PBXBuildFile; fileRef = 3B903E7A2AEC2802009D1B14 /* NotoSansTC-Bold.otf */; };
		3B903E822AEC2802009D1B14 /* NotoSansTC-Thin.otf in Resources */ = {isa = PBXBuildFile; fileRef = 3B903E7B2AEC2802009D1B14 /* NotoSansTC-Thin.otf */; };
		3B903E832AEC2802009D1B14 /* NotoSansTC-Light.otf in Resources */ = {isa = PBXBuildFile; fileRef = 3B903E7C2AEC2802009D1B14 /* NotoSansTC-Light.otf */; };
		3B903E842AEC2802009D1B14 /* OFL.txt in Resources */ = {isa = PBXBuildFile; fileRef = 3B903E7D2AEC2802009D1B14 /* OFL.txt */; };
		3B903E852AEC2802009D1B14 /* NotoSansTC-Medium.otf in Resources */ = {isa = PBXBuildFile; fileRef = 3B903E7E2AEC2802009D1B14 /* NotoSansTC-Medium.otf */; };
		3B903E862AEC2802009D1B14 /* NotoSansTC-Black.otf in Resources */ = {isa = PBXBuildFile; fileRef = 3B903E7F2AEC2802009D1B14 /* NotoSansTC-Black.otf */; };
		3B9612212AE8352D00196AB3 /* RideTogetherUnitTests.swift in Sources */ = {isa = PBXBuildFile; fileRef = 3B9612202AE8352D00196AB3 /* RideTogetherUnitTests.swift */; };
		3B96122E2AE8353F00196AB3 /* RideTogetherSnapshotTests.swift in Sources */ = {isa = PBXBuildFile; fileRef = 3B96122D2AE8353E00196AB3 /* RideTogetherSnapshotTests.swift */; };
		3BC56D3A2AEEB144003D8190 /* TabBarController.swift in Sources */ = {isa = PBXBuildFile; fileRef = 3BC56D392AEEB144003D8190 /* TabBarController.swift */; };
		C51FADDE29134EED00264854 /* Station.swift in Sources */ = {isa = PBXBuildFile; fileRef = C51FADDD29134EED00264854 /* Station.swift */; };
/* End PBXBuildFile section */

/* Begin PBXContainerItemProxy section */
		3B9612222AE8352D00196AB3 /* PBXContainerItemProxy */ = {
			isa = PBXContainerItemProxy;
			containerPortal = 23D1B723280033FB000EDA70 /* Project object */;
			proxyType = 1;
			remoteGlobalIDString = 23D1B72A280033FB000EDA70;
			remoteInfo = RideTogether;
		};
		3B9612312AE8353F00196AB3 /* PBXContainerItemProxy */ = {
			isa = PBXContainerItemProxy;
			containerPortal = 23D1B723280033FB000EDA70 /* Project object */;
			proxyType = 1;
			remoteGlobalIDString = 23D1B72A280033FB000EDA70;
			remoteInfo = RideTogether;
		};
/* End PBXContainerItemProxy section */

/* Begin PBXFileReference section */
		1FCCF293E125C3D5CB1F040E /* Pods_RideTogetherTests.framework */ = {isa = PBXFileReference; explicitFileType = wrapper.framework; includeInIndex = 0; path = Pods_RideTogetherTests.framework; sourceTree = BUILT_PRODUCTS_DIR; };
		2360C679282558EB00EF21D3 /* JGProgressHUDWrapper.swift */ = {isa = PBXFileReference; lastKnownFileType = sourcecode.swift; path = JGProgressHUDWrapper.swift; sourceTree = "<group>"; };
		23AD0C6E282A746B00180B79 /* RideTogetherRelease.entitlements */ = {isa = PBXFileReference; lastKnownFileType = text.plist.entitlements; path = RideTogetherRelease.entitlements; sourceTree = "<group>"; };
		23CB74CB2817897000DED822 /* RideTogetherDebug.entitlements */ = {isa = PBXFileReference; lastKnownFileType = text.plist.entitlements; path = RideTogetherDebug.entitlements; sourceTree = "<group>"; };
		23D1B72B280033FB000EDA70 /* RideTogether.app */ = {isa = PBXFileReference; explicitFileType = wrapper.application; includeInIndex = 0; path = RideTogether.app; sourceTree = BUILT_PRODUCTS_DIR; };
		23D1B72E280033FB000EDA70 /* AppDelegate.swift */ = {isa = PBXFileReference; lastKnownFileType = sourcecode.swift; path = AppDelegate.swift; sourceTree = "<group>"; };
		23D1B730280033FB000EDA70 /* SceneDelegate.swift */ = {isa = PBXFileReference; lastKnownFileType = sourcecode.swift; path = SceneDelegate.swift; sourceTree = "<group>"; };
		23D1B737280033FC000EDA70 /* Assets.xcassets */ = {isa = PBXFileReference; lastKnownFileType = folder.assetcatalog; path = Assets.xcassets; sourceTree = "<group>"; };
		23D1B73A280033FC000EDA70 /* Base */ = {isa = PBXFileReference; lastKnownFileType = file.storyboard; name = Base; path = Base.lproj/LaunchScreen.storyboard; sourceTree = "<group>"; };
		23D1B7F8280561D3000EDA70 /* MJRefresher.swift */ = {isa = PBXFileReference; lastKnownFileType = sourcecode.swift; path = MJRefresher.swift; sourceTree = "<group>"; };
		3B903E582AEC1341009D1B14 /* KFLoginViewController.swift */ = {isa = PBXFileReference; lastKnownFileType = sourcecode.swift; path = KFLoginViewController.swift; sourceTree = "<group>"; };
		3B903E592AEC1341009D1B14 /* KFLoginViewModel.swift */ = {isa = PBXFileReference; lastKnownFileType = sourcecode.swift; path = KFLoginViewModel.swift; sourceTree = "<group>"; };
		3B903E5C2AEC134B009D1B14 /* KFSignUpViewController.swift */ = {isa = PBXFileReference; lastKnownFileType = sourcecode.swift; path = KFSignUpViewController.swift; sourceTree = "<group>"; };
		3B903E5D2AEC134B009D1B14 /* KFSignUpViewModel.swift */ = {isa = PBXFileReference; lastKnownFileType = sourcecode.swift; path = KFSignUpViewModel.swift; sourceTree = "<group>"; };
		3B903E602AEC1358009D1B14 /* KFPolicyViewController.swift */ = {isa = PBXFileReference; lastKnownFileType = sourcecode.swift; path = KFPolicyViewController.swift; sourceTree = "<group>"; };
		3B903E612AEC1358009D1B14 /* KFPolicyViewModel.swift */ = {isa = PBXFileReference; lastKnownFileType = sourcecode.swift; path = KFPolicyViewModel.swift; sourceTree = "<group>"; };
		3B903E652AEC1392009D1B14 /* ExploreViewController.swift */ = {isa = PBXFileReference; lastKnownFileType = sourcecode.swift; path = ExploreViewController.swift; sourceTree = "<group>"; };
		3B903E662AEC1392009D1B14 /* ExploreViewModel.swift */ = {isa = PBXFileReference; lastKnownFileType = sourcecode.swift; path = ExploreViewModel.swift; sourceTree = "<group>"; };
		3B903E6C2AEC13BA009D1B14 /* MapViewController.swift */ = {isa = PBXFileReference; lastKnownFileType = sourcecode.swift; path = MapViewController.swift; sourceTree = "<group>"; };
		3B903E6D2AEC13BA009D1B14 /* MapViewModel.swift */ = {isa = PBXFileReference; lastKnownFileType = sourcecode.swift; path = MapViewModel.swift; sourceTree = "<group>"; };
		3B903E702AEC13C4009D1B14 /* GroupViewController.swift */ = {isa = PBXFileReference; lastKnownFileType = sourcecode.swift; path = GroupViewController.swift; sourceTree = "<group>"; };
		3B903E712AEC13C4009D1B14 /* GroupViewModel.swift */ = {isa = PBXFileReference; lastKnownFileType = sourcecode.swift; path = GroupViewModel.swift; sourceTree = "<group>"; };
		3B903E742AEC13D3009D1B14 /* UserViewController.swift */ = {isa = PBXFileReference; lastKnownFileType = sourcecode.swift; path = UserViewController.swift; sourceTree = "<group>"; };
		3B903E752AEC13D3009D1B14 /* UserViewModel.swift */ = {isa = PBXFileReference; lastKnownFileType = sourcecode.swift; path = UserViewModel.swift; sourceTree = "<group>"; };
		3B903E792AEC2802009D1B14 /* NotoSansTC-Regular.otf */ = {isa = PBXFileReference; lastKnownFileType = file; path = "NotoSansTC-Regular.otf"; sourceTree = "<group>"; };
		3B903E7A2AEC2802009D1B14 /* NotoSansTC-Bold.otf */ = {isa = PBXFileReference; lastKnownFileType = file; path = "NotoSansTC-Bold.otf"; sourceTree = "<group>"; };
		3B903E7B2AEC2802009D1B14 /* NotoSansTC-Thin.otf */ = {isa = PBXFileReference; lastKnownFileType = file; path = "NotoSansTC-Thin.otf"; sourceTree = "<group>"; };
		3B903E7C2AEC2802009D1B14 /* NotoSansTC-Light.otf */ = {isa = PBXFileReference; lastKnownFileType = file; path = "NotoSansTC-Light.otf"; sourceTree = "<group>"; };
		3B903E7D2AEC2802009D1B14 /* OFL.txt */ = {isa = PBXFileReference; fileEncoding = 4; lastKnownFileType = text; path = OFL.txt; sourceTree = "<group>"; };
		3B903E7E2AEC2802009D1B14 /* NotoSansTC-Medium.otf */ = {isa = PBXFileReference; lastKnownFileType = file; path = "NotoSansTC-Medium.otf"; sourceTree = "<group>"; };
		3B903E7F2AEC2802009D1B14 /* NotoSansTC-Black.otf */ = {isa = PBXFileReference; lastKnownFileType = file; path = "NotoSansTC-Black.otf"; sourceTree = "<group>"; };
		3B96121E2AE8352D00196AB3 /* RideTogetherUnitTests.xctest */ = {isa = PBXFileReference; explicitFileType = wrapper.cfbundle; includeInIndex = 0; path = RideTogetherUnitTests.xctest; sourceTree = BUILT_PRODUCTS_DIR; };
		3B9612202AE8352D00196AB3 /* RideTogetherUnitTests.swift */ = {isa = PBXFileReference; lastKnownFileType = sourcecode.swift; path = RideTogetherUnitTests.swift; sourceTree = "<group>"; };
		3B96122B2AE8353E00196AB3 /* RideTogetherSnapshotTests.xctest */ = {isa = PBXFileReference; explicitFileType = wrapper.cfbundle; includeInIndex = 0; path = RideTogetherSnapshotTests.xctest; sourceTree = BUILT_PRODUCTS_DIR; };
		3B96122D2AE8353E00196AB3 /* RideTogetherSnapshotTests.swift */ = {isa = PBXFileReference; lastKnownFileType = sourcecode.swift; path = RideTogetherSnapshotTests.swift; sourceTree = "<group>"; };
		3BC56D392AEEB144003D8190 /* TabBarController.swift */ = {isa = PBXFileReference; lastKnownFileType = sourcecode.swift; path = TabBarController.swift; sourceTree = "<group>"; };
		406981E8BFCC5EF341A4ADB0 /* Pods-RideTogether.release.xcconfig */ = {isa = PBXFileReference; includeInIndex = 1; lastKnownFileType = text.xcconfig; name = "Pods-RideTogether.release.xcconfig"; path = "Target Support Files/Pods-RideTogether/Pods-RideTogether.release.xcconfig"; sourceTree = "<group>"; };
		6A3ECC32346DF4249FA59FEE /* Pods-RideTogether.debug.xcconfig */ = {isa = PBXFileReference; includeInIndex = 1; lastKnownFileType = text.xcconfig; name = "Pods-RideTogether.debug.xcconfig"; path = "Target Support Files/Pods-RideTogether/Pods-RideTogether.debug.xcconfig"; sourceTree = "<group>"; };
		8E4AEEDC6A90D67F327A09A1 /* Pods-RideTogetherTests.release.xcconfig */ = {isa = PBXFileReference; includeInIndex = 1; lastKnownFileType = text.xcconfig; name = "Pods-RideTogetherTests.release.xcconfig"; path = "Target Support Files/Pods-RideTogetherTests/Pods-RideTogetherTests.release.xcconfig"; sourceTree = "<group>"; };
		A8A405A75EDA898C8E1FFBA5 /* Pods-RideTogetherTests.debug.xcconfig */ = {isa = PBXFileReference; includeInIndex = 1; lastKnownFileType = text.xcconfig; name = "Pods-RideTogetherTests.debug.xcconfig"; path = "Target Support Files/Pods-RideTogetherTests/Pods-RideTogetherTests.debug.xcconfig"; sourceTree = "<group>"; };
		C51FAD2A2909368B00264854 /* WidgetKit.framework */ = {isa = PBXFileReference; lastKnownFileType = wrapper.framework; name = WidgetKit.framework; path = System/Library/Frameworks/WidgetKit.framework; sourceTree = SDKROOT; };
		C51FAD2C2909368B00264854 /* SwiftUI.framework */ = {isa = PBXFileReference; lastKnownFileType = wrapper.framework; name = SwiftUI.framework; path = System/Library/Frameworks/SwiftUI.framework; sourceTree = SDKROOT; };
		C51FAD312909368C00264854 /* Assets.xcassets */ = {isa = PBXFileReference; lastKnownFileType = folder.assetcatalog; path = Assets.xcassets; sourceTree = "<group>"; };
		C51FAD4229093B3A00264854 /* BikeWidgetExtension.entitlements */ = {isa = PBXFileReference; lastKnownFileType = text.plist.entitlements; path = BikeWidgetExtension.entitlements; sourceTree = "<group>"; };
		C51FADDD29134EED00264854 /* Station.swift */ = {isa = PBXFileReference; lastKnownFileType = sourcecode.swift; path = Station.swift; sourceTree = "<group>"; };
		E9F682B0A583FE5FB7AEF0F4 /* Pods_RideTogether.framework */ = {isa = PBXFileReference; explicitFileType = wrapper.framework; includeInIndex = 0; path = Pods_RideTogether.framework; sourceTree = BUILT_PRODUCTS_DIR; };
/* End PBXFileReference section */

/* Begin PBXFrameworksBuildPhase section */
		23D1B728280033FB000EDA70 /* Frameworks */ = {
			isa = PBXFrameworksBuildPhase;
			buildActionMask = 2147483647;
			files = (
				23C8872E2815C05F00E3319A /* Pods_RideTogether.framework in Frameworks */,
			);
			runOnlyForDeploymentPostprocessing = 0;
		};
		3B96121B2AE8352D00196AB3 /* Frameworks */ = {
			isa = PBXFrameworksBuildPhase;
			buildActionMask = 2147483647;
			files = (
			);
			runOnlyForDeploymentPostprocessing = 0;
		};
		3B9612282AE8353E00196AB3 /* Frameworks */ = {
			isa = PBXFrameworksBuildPhase;
			buildActionMask = 2147483647;
			files = (
			);
			runOnlyForDeploymentPostprocessing = 0;
		};
/* End PBXFrameworksBuildPhase section */

/* Begin PBXGroup section */
		231BCB69280858C800DE2343 /* Profile */ = {
			isa = PBXGroup;
			children = (
			);
			path = Profile;
			sourceTree = "<group>";
		};
		231BCB6A280858D700DE2343 /* Home */ = {
			isa = PBXGroup;
			children = (
			);
			path = Home;
			sourceTree = "<group>";
		};
		23A84A682811570600DD8D39 /* Group */ = {
			isa = PBXGroup;
			children = (
			);
			path = Group;
			sourceTree = "<group>";
		};
		23C887192814285A00E3319A /* Home */ = {
			isa = PBXGroup;
			children = (
			);
			path = Home;
			sourceTree = "<group>";
		};
		23CB74B82816C7FE00DED822 /* Group */ = {
			isa = PBXGroup;
			children = (
			);
			path = Group;
			sourceTree = "<group>";
		};
		23CE42A0280E571700C4C9F1 /* Lottie */ = {
			isa = PBXGroup;
			children = (
			);
			path = Lottie;
			sourceTree = "<group>";
		};
		23CE42A5280E5F0A00C4C9F1 /* Reuse Element */ = {
			isa = PBXGroup;
			children = (
			);
			path = "Reuse Element";
			sourceTree = "<group>";
		};
		23D1B722280033FB000EDA70 = {
			isa = PBXGroup;
			children = (
				C51FAD4229093B3A00264854 /* BikeWidgetExtension.entitlements */,
				23D1B7F7280561D3000EDA70 /* Third Party Wrapper */,
				23D1B72D280033FB000EDA70 /* RideTogether */,
				C51FAD2E2909368C00264854 /* BikeWidget */,
				3B96121F2AE8352D00196AB3 /* RideTogetherUnitTests */,
				3B96122C2AE8353E00196AB3 /* RideTogetherSnapshotTests */,
				23D1B72C280033FB000EDA70 /* Products */,
				B8861B4BB71FEA4F16110C05 /* Pods */,
				280213B7E321F791376F648A /* Frameworks */,
			);
			sourceTree = "<group>";
		};
		23D1B72C280033FB000EDA70 /* Products */ = {
			isa = PBXGroup;
			children = (
				23D1B72B280033FB000EDA70 /* RideTogether.app */,
				3B96121E2AE8352D00196AB3 /* RideTogetherUnitTests.xctest */,
				3B96122B2AE8353E00196AB3 /* RideTogetherSnapshotTests.xctest */,
			);
			name = Products;
			sourceTree = "<group>";
		};
		23D1B72D280033FB000EDA70 /* RideTogether */ = {
			isa = PBXGroup;
			children = (
				23AD0C6E282A746B00180B79 /* RideTogetherRelease.entitlements */,
				23CB74CB2817897000DED822 /* RideTogetherDebug.entitlements */,
				23D1B72E280033FB000EDA70 /* AppDelegate.swift */,
				23D1B730280033FB000EDA70 /* SceneDelegate.swift */,
				3BC56D392AEEB144003D8190 /* TabBarController.swift */,
				3B903E782AEC2802009D1B14 /* Noto_Sans_TC */,
				23CE42A5280E5F0A00C4C9F1 /* Reuse Element */,
				3B903E4C2AEC12A6009D1B14 /* VIewController */,
				3B903E522AEC12BD009D1B14 /* KFViewModel */,
				3B903E512AEC12B3009D1B14 /* KFModel */,
				23D1B767280060E0000EDA70 /* View */,
				23D1B76D28006187000EDA70 /* Extension */,
				23CE42A0280E571700C4C9F1 /* Lottie */,
				23D1B7842800632F000EDA70 /* Manager */,
			);
			path = RideTogether;
			sourceTree = "<group>";
		};
		23D1B74E28005DE1000EDA70 /* GPX */ = {
			isa = PBXGroup;
			children = (
			);
			path = GPX;
			sourceTree = "<group>";
		};
		23D1B767280060E0000EDA70 /* View */ = {
			isa = PBXGroup;
			children = (
				23D1B739280033FC000EDA70 /* LaunchScreen.storyboard */,
				23D1B737280033FC000EDA70 /* Assets.xcassets */,
				23D1B76A28006116000EDA70 /* Journey */,
				23C887192814285A00E3319A /* Home */,
				23A84A682811570600DD8D39 /* Group */,
				23D1B7E828042C88000EDA70 /* Profile */,
			);
			path = View;
			sourceTree = "<group>";
		};
		23D1B76A28006116000EDA70 /* Journey */ = {
			isa = PBXGroup;
			children = (
			);
			path = Journey;
			sourceTree = "<group>";
		};
		23D1B76D28006187000EDA70 /* Extension */ = {
			isa = PBXGroup;
			children = (
			);
			path = Extension;
			sourceTree = "<group>";
		};
		23D1B7842800632F000EDA70 /* Manager */ = {
			isa = PBXGroup;
			children = (
			);
			path = Manager;
			sourceTree = "<group>";
		};
		23D1B7E828042C88000EDA70 /* Profile */ = {
			isa = PBXGroup;
			children = (
			);
			path = Profile;
			sourceTree = "<group>";
		};
		23D1B7F7280561D3000EDA70 /* Third Party Wrapper */ = {
			isa = PBXGroup;
			children = (
				23D1B7F8280561D3000EDA70 /* MJRefresher.swift */,
				2360C679282558EB00EF21D3 /* JGProgressHUDWrapper.swift */,
			);
			path = "Third Party Wrapper";
			sourceTree = "<group>";
		};
		280213B7E321F791376F648A /* Frameworks */ = {
			isa = PBXGroup;
			children = (
				E9F682B0A583FE5FB7AEF0F4 /* Pods_RideTogether.framework */,
				1FCCF293E125C3D5CB1F040E /* Pods_RideTogetherTests.framework */,
				C51FAD2A2909368B00264854 /* WidgetKit.framework */,
				C51FAD2C2909368B00264854 /* SwiftUI.framework */,
			);
			name = Frameworks;
			sourceTree = "<group>";
		};
		3B903E4C2AEC12A6009D1B14 /* VIewController */ = {
			isa = PBXGroup;
			children = (
				3B903E692AEC139E009D1B14 /* Map */,
				3B903E6B2AEC13A8009D1B14 /* User */,
				3B903E6A2AEC13A3009D1B14 /* Group */,
				3B903E642AEC135D009D1B14 /* Explore */,
				3B903E572AEC1323009D1B14 /* Login */,
			);
			path = VIewController;
			sourceTree = "<group>";
		};
		3B903E512AEC12B3009D1B14 /* KFModel */ = {
			isa = PBXGroup;
			children = (
				231BCB6A280858D700DE2343 /* Home */,
				23CB74B82816C7FE00DED822 /* Group */,
				231BCB69280858C800DE2343 /* Profile */,
				23D1B74E28005DE1000EDA70 /* GPX */,
			);
			path = KFModel;
			sourceTree = "<group>";
		};
		3B903E522AEC12BD009D1B14 /* KFViewModel */ = {
			isa = PBXGroup;
			children = (
			);
			path = KFViewModel;
			sourceTree = "<group>";
		};
		3B903E572AEC1323009D1B14 /* Login */ = {
			isa = PBXGroup;
			children = (
				3B903E582AEC1341009D1B14 /* KFLoginViewController.swift */,
				3B903E592AEC1341009D1B14 /* KFLoginViewModel.swift */,
				3B903E5C2AEC134B009D1B14 /* KFSignUpViewController.swift */,
				3B903E5D2AEC134B009D1B14 /* KFSignUpViewModel.swift */,
				3B903E602AEC1358009D1B14 /* KFPolicyViewController.swift */,
				3B903E612AEC1358009D1B14 /* KFPolicyViewModel.swift */,
			);
			path = Login;
			sourceTree = "<group>";
		};
		3B903E642AEC135D009D1B14 /* Explore */ = {
			isa = PBXGroup;
			children = (
				3B903E652AEC1392009D1B14 /* ExploreViewController.swift */,
				3B903E662AEC1392009D1B14 /* ExploreViewModel.swift */,
			);
			path = Explore;
			sourceTree = "<group>";
		};
		3B903E692AEC139E009D1B14 /* Map */ = {
			isa = PBXGroup;
			children = (
				3B903E6C2AEC13BA009D1B14 /* MapViewController.swift */,
				3B903E6D2AEC13BA009D1B14 /* MapViewModel.swift */,
			);
			path = Map;
			sourceTree = "<group>";
		};
		3B903E6A2AEC13A3009D1B14 /* Group */ = {
			isa = PBXGroup;
			children = (
				3B903E702AEC13C4009D1B14 /* GroupViewController.swift */,
				3B903E712AEC13C4009D1B14 /* GroupViewModel.swift */,
			);
			path = Group;
			sourceTree = "<group>";
		};
		3B903E6B2AEC13A8009D1B14 /* User */ = {
			isa = PBXGroup;
			children = (
				3B903E742AEC13D3009D1B14 /* UserViewController.swift */,
				3B903E752AEC13D3009D1B14 /* UserViewModel.swift */,
			);
			path = User;
			sourceTree = "<group>";
		};
		3B903E782AEC2802009D1B14 /* Noto_Sans_TC */ = {
			isa = PBXGroup;
			children = (
				3B903E792AEC2802009D1B14 /* NotoSansTC-Regular.otf */,
				3B903E7A2AEC2802009D1B14 /* NotoSansTC-Bold.otf */,
				3B903E7B2AEC2802009D1B14 /* NotoSansTC-Thin.otf */,
				3B903E7C2AEC2802009D1B14 /* NotoSansTC-Light.otf */,
				3B903E7D2AEC2802009D1B14 /* OFL.txt */,
				3B903E7E2AEC2802009D1B14 /* NotoSansTC-Medium.otf */,
				3B903E7F2AEC2802009D1B14 /* NotoSansTC-Black.otf */,
			);
			name = Noto_Sans_TC;
			path = RideTogether/Noto_Sans_TC;
			sourceTree = SOURCE_ROOT;
		};
		3B96121F2AE8352D00196AB3 /* RideTogetherUnitTests */ = {
			isa = PBXGroup;
			children = (
				3B9612202AE8352D00196AB3 /* RideTogetherUnitTests.swift */,
			);
			path = RideTogetherUnitTests;
			sourceTree = "<group>";
		};
		3B96122C2AE8353E00196AB3 /* RideTogetherSnapshotTests */ = {
			isa = PBXGroup;
			children = (
				3B96122D2AE8353E00196AB3 /* RideTogetherSnapshotTests.swift */,
			);
			path = RideTogetherSnapshotTests;
			sourceTree = "<group>";
		};
		B8861B4BB71FEA4F16110C05 /* Pods */ = {
			isa = PBXGroup;
			children = (
				6A3ECC32346DF4249FA59FEE /* Pods-RideTogether.debug.xcconfig */,
				406981E8BFCC5EF341A4ADB0 /* Pods-RideTogether.release.xcconfig */,
				A8A405A75EDA898C8E1FFBA5 /* Pods-RideTogetherTests.debug.xcconfig */,
				8E4AEEDC6A90D67F327A09A1 /* Pods-RideTogetherTests.release.xcconfig */,
			);
			path = Pods;
			sourceTree = "<group>";
		};
		C51FAD2E2909368C00264854 /* BikeWidget */ = {
			isa = PBXGroup;
			children = (
				C51FAD312909368C00264854 /* Assets.xcassets */,
				C51FADDD29134EED00264854 /* Station.swift */,
			);
			path = BikeWidget;
			sourceTree = "<group>";
		};
/* End PBXGroup section */

/* Begin PBXNativeTarget section */
		23D1B72A280033FB000EDA70 /* RideTogether */ = {
			isa = PBXNativeTarget;
			buildConfigurationList = 23D1B73F280033FC000EDA70 /* Build configuration list for PBXNativeTarget "RideTogether" */;
			buildPhases = (
				F574E762906D9DDDD3A80B66 /* [CP] Check Pods Manifest.lock */,
				23D1B727280033FB000EDA70 /* Sources */,
				23D1B728280033FB000EDA70 /* Frameworks */,
				23D1B729280033FB000EDA70 /* Resources */,
				A6E48172F7B9260A6AED8326 /* [CP] Embed Pods Frameworks */,
				23D1B79D280195E3000EDA70 /* swift lint */,
			);
			buildRules = (
			);
			dependencies = (
			);
			name = RideTogether;
			productName = RideTogether;
			productReference = 23D1B72B280033FB000EDA70 /* RideTogether.app */;
			productType = "com.apple.product-type.application";
		};
		3B96121D2AE8352D00196AB3 /* RideTogetherUnitTests */ = {
			isa = PBXNativeTarget;
			buildConfigurationList = 3B9612242AE8352D00196AB3 /* Build configuration list for PBXNativeTarget "RideTogetherUnitTests" */;
			buildPhases = (
				3B96121A2AE8352D00196AB3 /* Sources */,
				3B96121B2AE8352D00196AB3 /* Frameworks */,
				3B96121C2AE8352D00196AB3 /* Resources */,
			);
			buildRules = (
			);
			dependencies = (
				3B9612232AE8352D00196AB3 /* PBXTargetDependency */,
			);
			name = RideTogetherUnitTests;
			productName = RideTogetherUnitTests;
			productReference = 3B96121E2AE8352D00196AB3 /* RideTogetherUnitTests.xctest */;
			productType = "com.apple.product-type.bundle.unit-test";
		};
		3B96122A2AE8353E00196AB3 /* RideTogetherSnapshotTests */ = {
			isa = PBXNativeTarget;
			buildConfigurationList = 3B9612332AE8353F00196AB3 /* Build configuration list for PBXNativeTarget "RideTogetherSnapshotTests" */;
			buildPhases = (
				3B9612272AE8353E00196AB3 /* Sources */,
				3B9612282AE8353E00196AB3 /* Frameworks */,
				3B9612292AE8353E00196AB3 /* Resources */,
			);
			buildRules = (
			);
			dependencies = (
				3B9612322AE8353F00196AB3 /* PBXTargetDependency */,
			);
			name = RideTogetherSnapshotTests;
			productName = RideTogetherSnapshotTests;
			productReference = 3B96122B2AE8353E00196AB3 /* RideTogetherSnapshotTests.xctest */;
			productType = "com.apple.product-type.bundle.ui-testing";
		};
/* End PBXNativeTarget section */

/* Begin PBXProject section */
		23D1B723280033FB000EDA70 /* Project object */ = {
			isa = PBXProject;
			attributes = {
				BuildIndependentTargetsInParallel = 1;
				LastSwiftUpdateCheck = 1430;
				LastUpgradeCheck = 1500;
				TargetAttributes = {
					23D1B72A280033FB000EDA70 = {
						CreatedOnToolsVersion = 13.2.1;
					};
					3B96121D2AE8352D00196AB3 = {
						CreatedOnToolsVersion = 14.3.1;
						TestTargetID = 23D1B72A280033FB000EDA70;
					};
					3B96122A2AE8353E00196AB3 = {
						CreatedOnToolsVersion = 14.3.1;
						TestTargetID = 23D1B72A280033FB000EDA70;
					};
				};
			};
			buildConfigurationList = 23D1B726280033FB000EDA70 /* Build configuration list for PBXProject "RideTogether" */;
			compatibilityVersion = "Xcode 13.0";
			developmentRegion = en;
			hasScannedForEncodings = 0;
			knownRegions = (
				en,
				Base,
			);
			mainGroup = 23D1B722280033FB000EDA70;
			productRefGroup = 23D1B72C280033FB000EDA70 /* Products */;
			projectDirPath = "";
			projectRoot = "";
			targets = (
				23D1B72A280033FB000EDA70 /* RideTogether */,
				3B96121D2AE8352D00196AB3 /* RideTogetherUnitTests */,
				3B96122A2AE8353E00196AB3 /* RideTogetherSnapshotTests */,
			);
		};
/* End PBXProject section */

/* Begin PBXResourcesBuildPhase section */
		23D1B729280033FB000EDA70 /* Resources */ = {
			isa = PBXResourcesBuildPhase;
			buildActionMask = 2147483647;
			files = (
				3B903E802AEC2802009D1B14 /* NotoSansTC-Regular.otf in Resources */,
				3B903E842AEC2802009D1B14 /* OFL.txt in Resources */,
				23D1B73B280033FC000EDA70 /* LaunchScreen.storyboard in Resources */,
				3B903E832AEC2802009D1B14 /* NotoSansTC-Light.otf in Resources */,
				3B903E852AEC2802009D1B14 /* NotoSansTC-Medium.otf in Resources */,
				3B903E812AEC2802009D1B14 /* NotoSansTC-Bold.otf in Resources */,
				23D1B738280033FC000EDA70 /* Assets.xcassets in Resources */,
				3B903E822AEC2802009D1B14 /* NotoSansTC-Thin.otf in Resources */,
				3B903E862AEC2802009D1B14 /* NotoSansTC-Black.otf in Resources */,
			);
			runOnlyForDeploymentPostprocessing = 0;
		};
		3B96121C2AE8352D00196AB3 /* Resources */ = {
			isa = PBXResourcesBuildPhase;
			buildActionMask = 2147483647;
			files = (
			);
			runOnlyForDeploymentPostprocessing = 0;
		};
		3B9612292AE8353E00196AB3 /* Resources */ = {
			isa = PBXResourcesBuildPhase;
			buildActionMask = 2147483647;
			files = (
			);
			runOnlyForDeploymentPostprocessing = 0;
		};
/* End PBXResourcesBuildPhase section */

/* Begin PBXShellScriptBuildPhase section */
		23D1B79D280195E3000EDA70 /* swift lint */ = {
			isa = PBXShellScriptBuildPhase;
			buildActionMask = 2147483647;
			files = (
			);
			inputFileListPaths = (
			);
			inputPaths = (
			);
			name = "swift lint";
			outputFileListPaths = (
			);
			outputPaths = (
			);
			runOnlyForDeploymentPostprocessing = 0;
			shellPath = /bin/sh;
			shellScript = "\"${PODS_ROOT}/SwiftLint/swiftlint\"\n";
		};
		A6E48172F7B9260A6AED8326 /* [CP] Embed Pods Frameworks */ = {
			isa = PBXShellScriptBuildPhase;
			buildActionMask = 2147483647;
			files = (
			);
			inputFileListPaths = (
				"${PODS_ROOT}/Target Support Files/Pods-RideTogether/Pods-RideTogether-frameworks-${CONFIGURATION}-input-files.xcfilelist",
			);
			name = "[CP] Embed Pods Frameworks";
			outputFileListPaths = (
				"${PODS_ROOT}/Target Support Files/Pods-RideTogether/Pods-RideTogether-frameworks-${CONFIGURATION}-output-files.xcfilelist",
			);
			runOnlyForDeploymentPostprocessing = 0;
			shellPath = /bin/sh;
			shellScript = "\"${PODS_ROOT}/Target Support Files/Pods-RideTogether/Pods-RideTogether-frameworks.sh\"\n";
			showEnvVarsInLog = 0;
		};
		F574E762906D9DDDD3A80B66 /* [CP] Check Pods Manifest.lock */ = {
			isa = PBXShellScriptBuildPhase;
			buildActionMask = 2147483647;
			files = (
			);
			inputFileListPaths = (
			);
			inputPaths = (
				"${PODS_PODFILE_DIR_PATH}/Podfile.lock",
				"${PODS_ROOT}/Manifest.lock",
			);
			name = "[CP] Check Pods Manifest.lock";
			outputFileListPaths = (
			);
			outputPaths = (
				"$(DERIVED_FILE_DIR)/Pods-RideTogether-checkManifestLockResult.txt",
			);
			runOnlyForDeploymentPostprocessing = 0;
			shellPath = /bin/sh;
			shellScript = "diff \"${PODS_PODFILE_DIR_PATH}/Podfile.lock\" \"${PODS_ROOT}/Manifest.lock\" > /dev/null\nif [ $? != 0 ] ; then\n    # print error to STDERR\n    echo \"error: The sandbox is not in sync with the Podfile.lock. Run 'pod install' or update your CocoaPods installation.\" >&2\n    exit 1\nfi\n# This output is used by Xcode 'outputs' to avoid re-running this script phase.\necho \"SUCCESS\" > \"${SCRIPT_OUTPUT_FILE_0}\"\n";
			showEnvVarsInLog = 0;
		};
/* End PBXShellScriptBuildPhase section */

/* Begin PBXSourcesBuildPhase section */
		23D1B727280033FB000EDA70 /* Sources */ = {
			isa = PBXSourcesBuildPhase;
			buildActionMask = 2147483647;
			files = (
				3B903E632AEC1358009D1B14 /* KFPolicyViewModel.swift in Sources */,
				3B903E5F2AEC134B009D1B14 /* KFSignUpViewModel.swift in Sources */,
				C51FADDE29134EED00264854 /* Station.swift in Sources */,
				3B903E5B2AEC1341009D1B14 /* KFLoginViewModel.swift in Sources */,
				3B903E5E2AEC134B009D1B14 /* KFSignUpViewController.swift in Sources */,
				3B903E672AEC1392009D1B14 /* ExploreViewController.swift in Sources */,
				3B903E732AEC13C4009D1B14 /* GroupViewModel.swift in Sources */,
				2360C67A282558EB00EF21D3 /* JGProgressHUDWrapper.swift in Sources */,
				3B903E722AEC13C4009D1B14 /* GroupViewController.swift in Sources */,
				3B903E6F2AEC13BA009D1B14 /* MapViewModel.swift in Sources */,
				3BC56D3A2AEEB144003D8190 /* TabBarController.swift in Sources */,
				3B903E772AEC13D3009D1B14 /* UserViewModel.swift in Sources */,
				23D1B72F280033FB000EDA70 /* AppDelegate.swift in Sources */,
				23D1B731280033FB000EDA70 /* SceneDelegate.swift in Sources */,
				3B903E622AEC1358009D1B14 /* KFPolicyViewController.swift in Sources */,
				3B903E762AEC13D3009D1B14 /* UserViewController.swift in Sources */,
				3B903E682AEC1392009D1B14 /* ExploreViewModel.swift in Sources */,
				3B903E6E2AEC13BA009D1B14 /* MapViewController.swift in Sources */,
				3B903E5A2AEC1341009D1B14 /* KFLoginViewController.swift in Sources */,
			);
			runOnlyForDeploymentPostprocessing = 0;
		};
		3B96121A2AE8352D00196AB3 /* Sources */ = {
			isa = PBXSourcesBuildPhase;
			buildActionMask = 2147483647;
			files = (
				3B9612212AE8352D00196AB3 /* RideTogetherUnitTests.swift in Sources */,
			);
			runOnlyForDeploymentPostprocessing = 0;
		};
		3B9612272AE8353E00196AB3 /* Sources */ = {
			isa = PBXSourcesBuildPhase;
			buildActionMask = 2147483647;
			files = (
				3B96122E2AE8353F00196AB3 /* RideTogetherSnapshotTests.swift in Sources */,
			);
			runOnlyForDeploymentPostprocessing = 0;
		};
/* End PBXSourcesBuildPhase section */

/* Begin PBXTargetDependency section */
		3B9612232AE8352D00196AB3 /* PBXTargetDependency */ = {
			isa = PBXTargetDependency;
			target = 23D1B72A280033FB000EDA70 /* RideTogether */;
			targetProxy = 3B9612222AE8352D00196AB3 /* PBXContainerItemProxy */;
		};
		3B9612322AE8353F00196AB3 /* PBXTargetDependency */ = {
			isa = PBXTargetDependency;
			target = 23D1B72A280033FB000EDA70 /* RideTogether */;
			targetProxy = 3B9612312AE8353F00196AB3 /* PBXContainerItemProxy */;
		};
/* End PBXTargetDependency section */

/* Begin PBXVariantGroup section */
		23D1B739280033FC000EDA70 /* LaunchScreen.storyboard */ = {
			isa = PBXVariantGroup;
			children = (
				23D1B73A280033FC000EDA70 /* Base */,
			);
			name = LaunchScreen.storyboard;
			sourceTree = "<group>";
		};
/* End PBXVariantGroup section */

/* Begin XCBuildConfiguration section */
		23D1B73D280033FC000EDA70 /* Debug */ = {
			isa = XCBuildConfiguration;
			buildSettings = {
				ALWAYS_EMBED_SWIFT_STANDARD_LIBRARIES = YES;
				ALWAYS_SEARCH_USER_PATHS = NO;
				ARCHS = "$(ARCHS_STANDARD)";
				CLANG_ANALYZER_NONNULL = YES;
				CLANG_ANALYZER_NUMBER_OBJECT_CONVERSION = YES_AGGRESSIVE;
				CLANG_CXX_LANGUAGE_STANDARD = "gnu++17";
				CLANG_CXX_LIBRARY = "libc++";
				CLANG_ENABLE_MODULES = YES;
				CLANG_ENABLE_OBJC_ARC = YES;
				CLANG_ENABLE_OBJC_WEAK = YES;
				CLANG_WARN_BLOCK_CAPTURE_AUTORELEASING = YES;
				CLANG_WARN_BOOL_CONVERSION = YES;
				CLANG_WARN_COMMA = YES;
				CLANG_WARN_CONSTANT_CONVERSION = YES;
				CLANG_WARN_DEPRECATED_OBJC_IMPLEMENTATIONS = YES;
				CLANG_WARN_DIRECT_OBJC_ISA_USAGE = YES_ERROR;
				CLANG_WARN_DOCUMENTATION_COMMENTS = YES;
				CLANG_WARN_EMPTY_BODY = YES;
				CLANG_WARN_ENUM_CONVERSION = YES;
				CLANG_WARN_INFINITE_RECURSION = YES;
				CLANG_WARN_INT_CONVERSION = YES;
				CLANG_WARN_NON_LITERAL_NULL_CONVERSION = YES;
				CLANG_WARN_OBJC_IMPLICIT_RETAIN_SELF = YES;
				CLANG_WARN_OBJC_LITERAL_CONVERSION = YES;
				CLANG_WARN_OBJC_ROOT_CLASS = YES_ERROR;
				CLANG_WARN_QUOTED_INCLUDE_IN_FRAMEWORK_HEADER = YES;
				CLANG_WARN_RANGE_LOOP_ANALYSIS = YES;
				CLANG_WARN_STRICT_PROTOTYPES = YES;
				CLANG_WARN_SUSPICIOUS_MOVE = YES;
				CLANG_WARN_UNGUARDED_AVAILABILITY = YES_AGGRESSIVE;
				CLANG_WARN_UNREACHABLE_CODE = YES;
				CLANG_WARN__DUPLICATE_METHOD_MATCH = YES;
				COPY_PHASE_STRIP = NO;
				DEBUG_INFORMATION_FORMAT = dwarf;
				ENABLE_STRICT_OBJC_MSGSEND = YES;
				ENABLE_TESTABILITY = YES;
				ENABLE_USER_SCRIPT_SANDBOXING = YES;
				"EXCLUDED_ARCHS[sdk=iphonesimulator*]" = arm64;
				GCC_C_LANGUAGE_STANDARD = gnu11;
				GCC_DYNAMIC_NO_PIC = NO;
				GCC_NO_COMMON_BLOCKS = YES;
				GCC_OPTIMIZATION_LEVEL = 0;
				GCC_PREPROCESSOR_DEFINITIONS = (
					"DEBUG=1",
					"$(inherited)",
				);
				GCC_WARN_64_TO_32_BIT_CONVERSION = YES;
				GCC_WARN_ABOUT_RETURN_TYPE = YES_ERROR;
				GCC_WARN_UNDECLARED_SELECTOR = YES;
				GCC_WARN_UNINITIALIZED_AUTOS = YES_AGGRESSIVE;
				GCC_WARN_UNUSED_FUNCTION = YES;
				GCC_WARN_UNUSED_VARIABLE = YES;
				IPHONEOS_DEPLOYMENT_TARGET = 14.0;
				MTL_ENABLE_DEBUG_INFO = INCLUDE_SOURCE;
				MTL_FAST_MATH = YES;
				ONLY_ACTIVE_ARCH = YES;
				SDKROOT = iphoneos;
				SWIFT_ACTIVE_COMPILATION_CONDITIONS = DEBUG;
				SWIFT_OPTIMIZATION_LEVEL = "-Onone";
			};
			name = Debug;
		};
		23D1B73E280033FC000EDA70 /* Release */ = {
			isa = XCBuildConfiguration;
			buildSettings = {
				ALWAYS_EMBED_SWIFT_STANDARD_LIBRARIES = YES;
				ALWAYS_SEARCH_USER_PATHS = NO;
				ARCHS = "$(ARCHS_STANDARD)";
				CLANG_ANALYZER_NONNULL = YES;
				CLANG_ANALYZER_NUMBER_OBJECT_CONVERSION = YES_AGGRESSIVE;
				CLANG_CXX_LANGUAGE_STANDARD = "gnu++17";
				CLANG_CXX_LIBRARY = "libc++";
				CLANG_ENABLE_MODULES = YES;
				CLANG_ENABLE_OBJC_ARC = YES;
				CLANG_ENABLE_OBJC_WEAK = YES;
				CLANG_WARN_BLOCK_CAPTURE_AUTORELEASING = YES;
				CLANG_WARN_BOOL_CONVERSION = YES;
				CLANG_WARN_COMMA = YES;
				CLANG_WARN_CONSTANT_CONVERSION = YES;
				CLANG_WARN_DEPRECATED_OBJC_IMPLEMENTATIONS = YES;
				CLANG_WARN_DIRECT_OBJC_ISA_USAGE = YES_ERROR;
				CLANG_WARN_DOCUMENTATION_COMMENTS = YES;
				CLANG_WARN_EMPTY_BODY = YES;
				CLANG_WARN_ENUM_CONVERSION = YES;
				CLANG_WARN_INFINITE_RECURSION = YES;
				CLANG_WARN_INT_CONVERSION = YES;
				CLANG_WARN_NON_LITERAL_NULL_CONVERSION = YES;
				CLANG_WARN_OBJC_IMPLICIT_RETAIN_SELF = YES;
				CLANG_WARN_OBJC_LITERAL_CONVERSION = YES;
				CLANG_WARN_OBJC_ROOT_CLASS = YES_ERROR;
				CLANG_WARN_QUOTED_INCLUDE_IN_FRAMEWORK_HEADER = YES;
				CLANG_WARN_RANGE_LOOP_ANALYSIS = YES;
				CLANG_WARN_STRICT_PROTOTYPES = YES;
				CLANG_WARN_SUSPICIOUS_MOVE = YES;
				CLANG_WARN_UNGUARDED_AVAILABILITY = YES_AGGRESSIVE;
				CLANG_WARN_UNREACHABLE_CODE = YES;
				CLANG_WARN__DUPLICATE_METHOD_MATCH = YES;
				COPY_PHASE_STRIP = NO;
				DEBUG_INFORMATION_FORMAT = "dwarf-with-dsym";
				ENABLE_NS_ASSERTIONS = NO;
				ENABLE_STRICT_OBJC_MSGSEND = YES;
				ENABLE_USER_SCRIPT_SANDBOXING = YES;
				GCC_C_LANGUAGE_STANDARD = gnu11;
				GCC_NO_COMMON_BLOCKS = YES;
				GCC_WARN_64_TO_32_BIT_CONVERSION = YES;
				GCC_WARN_ABOUT_RETURN_TYPE = YES_ERROR;
				GCC_WARN_UNDECLARED_SELECTOR = YES;
				GCC_WARN_UNINITIALIZED_AUTOS = YES_AGGRESSIVE;
				GCC_WARN_UNUSED_FUNCTION = YES;
				GCC_WARN_UNUSED_VARIABLE = YES;
				IPHONEOS_DEPLOYMENT_TARGET = 14.0;
				MTL_ENABLE_DEBUG_INFO = NO;
				MTL_FAST_MATH = YES;
				SDKROOT = iphoneos;
				SWIFT_COMPILATION_MODE = wholemodule;
				SWIFT_OPTIMIZATION_LEVEL = "-O";
				VALIDATE_PRODUCT = YES;
			};
			name = Release;
		};
		23D1B740280033FC000EDA70 /* Debug */ = {
			isa = XCBuildConfiguration;
			baseConfigurationReference = 6A3ECC32346DF4249FA59FEE /* Pods-RideTogether.debug.xcconfig */;
			buildSettings = {
				ALWAYS_EMBED_SWIFT_STANDARD_LIBRARIES = "$(inherited)";
				ASSETCATALOG_COMPILER_APPICON_NAME = AppIcon;
				ASSETCATALOG_COMPILER_GLOBAL_ACCENT_COLOR_NAME = AccentColor;
				CODE_SIGN_ENTITLEMENTS = RideTogether/RideTogetherDebug.entitlements;
				CODE_SIGN_STYLE = Automatic;
				CURRENT_PROJECT_VERSION = 1;
				DEBUG_INFORMATION_FORMAT = "dwarf-with-dsym";
				DEVELOPMENT_TEAM = 5BP43NW7P4;
				DOCC_EXEC = /path/to/docc;
				GENERATE_INFOPLIST_FILE = YES;
				INFOPLIST_FILE = RideTogether/Info.plist;
				INFOPLIST_KEY_NSCameraUsageDescription = "請允許\"RideTogether\"使用您的相片，您的相片將會用於個人資訊/ 分享地圖頁面";
				INFOPLIST_KEY_NSLocationAlwaysAndWhenInUseUsageDescription = "";
				INFOPLIST_KEY_NSLocationWhenInUseUsageDescription = "請允許\"RideTogether\"使用您的定位，進行紀錄自行車路線的功能";
				INFOPLIST_KEY_NSPhotoLibraryUsageDescription = "請允許\"RideTogether\"使用您的相片，您的相片將會用於個人資訊/ 分享地圖頁面";
				INFOPLIST_KEY_UIApplicationSupportsIndirectInputEvents = YES;
				INFOPLIST_KEY_UILaunchStoryboardName = LaunchScreen;
				INFOPLIST_KEY_UIMainStoryboardFile = Main;
				INFOPLIST_KEY_UISupportedInterfaceOrientations_iPad = "UIInterfaceOrientationPortrait UIInterfaceOrientationPortraitUpsideDown UIInterfaceOrientationLandscapeLeft UIInterfaceOrientationLandscapeRight";
				INFOPLIST_KEY_UISupportedInterfaceOrientations_iPhone = "UIInterfaceOrientationPortrait UIInterfaceOrientationLandscapeLeft UIInterfaceOrientationLandscapeRight";
				INFOPLIST_KEY_UISupportsDocumentBrowser = YES;
				INFOPLIST_KEY_UIUserInterfaceStyle = Light;
				IPHONEOS_DEPLOYMENT_TARGET = 14.0;
				LD_RUNPATH_SEARCH_PATHS = (
					"$(inherited)",
					"@executable_path/Frameworks",
				);
				MARKETING_VERSION = 1.0.7;
				ONLY_ACTIVE_ARCH = YES;
				PRODUCT_BUNDLE_IDENTIFIER = com.KaiFu.RideTogether;
				PRODUCT_NAME = "$(TARGET_NAME)";
				SWIFT_EMIT_LOC_STRINGS = YES;
				SWIFT_VERSION = 5.0;
				TARGETED_DEVICE_FAMILY = "1,2";
			};
			name = Debug;
		};
		23D1B741280033FC000EDA70 /* Release */ = {
			isa = XCBuildConfiguration;
			baseConfigurationReference = 406981E8BFCC5EF341A4ADB0 /* Pods-RideTogether.release.xcconfig */;
			buildSettings = {
				ALWAYS_EMBED_SWIFT_STANDARD_LIBRARIES = "$(inherited)";
				ASSETCATALOG_COMPILER_APPICON_NAME = AppIcon;
				ASSETCATALOG_COMPILER_GLOBAL_ACCENT_COLOR_NAME = AccentColor;
				CODE_SIGN_ENTITLEMENTS = RideTogether/RideTogetherRelease.entitlements;
				CODE_SIGN_STYLE = Automatic;
				CURRENT_PROJECT_VERSION = 1;
				DEBUG_INFORMATION_FORMAT = "dwarf-with-dsym";
				DEVELOPMENT_TEAM = 5BP43NW7P4;
				DOCC_EXEC = /path/to/docc;
				"EXCLUDED_ARCHS[sdk=iphonesimulator*]" = arm64;
				GENERATE_INFOPLIST_FILE = YES;
				INFOPLIST_FILE = RideTogether/Info.plist;
				INFOPLIST_KEY_NSCameraUsageDescription = "請允許\"RideTogether\"使用您的相片，您的相片將會用於個人資訊/ 分享地圖頁面";
				INFOPLIST_KEY_NSLocationAlwaysAndWhenInUseUsageDescription = "";
				INFOPLIST_KEY_NSLocationWhenInUseUsageDescription = "請允許\"RideTogether\"使用您的定位，進行紀錄自行車路線的功能";
				INFOPLIST_KEY_NSPhotoLibraryUsageDescription = "請允許\"RideTogether\"使用您的相片，您的相片將會用於個人資訊/ 分享地圖頁面";
				INFOPLIST_KEY_UIApplicationSupportsIndirectInputEvents = YES;
				INFOPLIST_KEY_UILaunchStoryboardName = LaunchScreen;
				INFOPLIST_KEY_UIMainStoryboardFile = Main;
				INFOPLIST_KEY_UISupportedInterfaceOrientations_iPad = "UIInterfaceOrientationPortrait UIInterfaceOrientationPortraitUpsideDown UIInterfaceOrientationLandscapeLeft UIInterfaceOrientationLandscapeRight";
				INFOPLIST_KEY_UISupportedInterfaceOrientations_iPhone = "UIInterfaceOrientationPortrait UIInterfaceOrientationLandscapeLeft UIInterfaceOrientationLandscapeRight";
				INFOPLIST_KEY_UISupportsDocumentBrowser = YES;
				INFOPLIST_KEY_UIUserInterfaceStyle = Light;
				IPHONEOS_DEPLOYMENT_TARGET = 14.0;
				LD_RUNPATH_SEARCH_PATHS = (
					"$(inherited)",
					"@executable_path/Frameworks",
				);
				MARKETING_VERSION = 1.0.7;
				ONLY_ACTIVE_ARCH = NO;
				PRODUCT_BUNDLE_IDENTIFIER = com.KaiFu.RideTogether;
				PRODUCT_NAME = "$(TARGET_NAME)";
				SWIFT_EMIT_LOC_STRINGS = YES;
				SWIFT_VERSION = 5.0;
				TARGETED_DEVICE_FAMILY = "1,2";
			};
			name = Release;
		};
		3B9612252AE8352D00196AB3 /* Debug */ = {
			isa = XCBuildConfiguration;
			buildSettings = {
				BUNDLE_LOADER = "$(TEST_HOST)";
				CLANG_CXX_LANGUAGE_STANDARD = "gnu++20";
				CODE_SIGN_STYLE = Automatic;
				CURRENT_PROJECT_VERSION = 1;
				DEVELOPMENT_TEAM = 5BP43NW7P4;
				GENERATE_INFOPLIST_FILE = YES;
				IPHONEOS_DEPLOYMENT_TARGET = 16.4;
				MARKETING_VERSION = 1.0;
				PRODUCT_BUNDLE_IDENTIFIER = com.kaifu.RideTogetherUnitTests;
				PRODUCT_NAME = "$(TARGET_NAME)";
				SWIFT_EMIT_LOC_STRINGS = NO;
				SWIFT_VERSION = 5.0;
				TARGETED_DEVICE_FAMILY = "1,2";
				TEST_HOST = "$(BUILT_PRODUCTS_DIR)/RideTogether.app/$(BUNDLE_EXECUTABLE_FOLDER_PATH)/RideTogether";
			};
			name = Debug;
		};
		3B9612262AE8352D00196AB3 /* Release */ = {
			isa = XCBuildConfiguration;
			buildSettings = {
				BUNDLE_LOADER = "$(TEST_HOST)";
				CLANG_CXX_LANGUAGE_STANDARD = "gnu++20";
				CODE_SIGN_STYLE = Automatic;
				CURRENT_PROJECT_VERSION = 1;
				DEVELOPMENT_TEAM = 5BP43NW7P4;
				GENERATE_INFOPLIST_FILE = YES;
				IPHONEOS_DEPLOYMENT_TARGET = 16.4;
				MARKETING_VERSION = 1.0;
				PRODUCT_BUNDLE_IDENTIFIER = com.kaifu.RideTogetherUnitTests;
				PRODUCT_NAME = "$(TARGET_NAME)";
				SWIFT_EMIT_LOC_STRINGS = NO;
				SWIFT_VERSION = 5.0;
				TARGETED_DEVICE_FAMILY = "1,2";
				TEST_HOST = "$(BUILT_PRODUCTS_DIR)/RideTogether.app/$(BUNDLE_EXECUTABLE_FOLDER_PATH)/RideTogether";
			};
			name = Release;
		};
		3B9612342AE8353F00196AB3 /* Debug */ = {
			isa = XCBuildConfiguration;
			buildSettings = {
				CLANG_CXX_LANGUAGE_STANDARD = "gnu++20";
				CODE_SIGN_STYLE = Automatic;
				CURRENT_PROJECT_VERSION = 1;
				DEVELOPMENT_TEAM = 5BP43NW7P4;
				GENERATE_INFOPLIST_FILE = YES;
				IPHONEOS_DEPLOYMENT_TARGET = 16.4;
				MARKETING_VERSION = 1.0;
				PRODUCT_BUNDLE_IDENTIFIER = com.kaifu.RideTogetherSnapshotTests;
				PRODUCT_NAME = "$(TARGET_NAME)";
				SWIFT_EMIT_LOC_STRINGS = NO;
				SWIFT_VERSION = 5.0;
				TARGETED_DEVICE_FAMILY = "1,2";
				TEST_TARGET_NAME = RideTogether;
			};
			name = Debug;
		};
		3B9612352AE8353F00196AB3 /* Release */ = {
			isa = XCBuildConfiguration;
			buildSettings = {
				CLANG_CXX_LANGUAGE_STANDARD = "gnu++20";
				CODE_SIGN_STYLE = Automatic;
				CURRENT_PROJECT_VERSION = 1;
				DEVELOPMENT_TEAM = 5BP43NW7P4;
				GENERATE_INFOPLIST_FILE = YES;
				IPHONEOS_DEPLOYMENT_TARGET = 16.4;
				MARKETING_VERSION = 1.0;
				PRODUCT_BUNDLE_IDENTIFIER = com.kaifu.RideTogetherSnapshotTests;
				PRODUCT_NAME = "$(TARGET_NAME)";
				SWIFT_EMIT_LOC_STRINGS = NO;
				SWIFT_VERSION = 5.0;
				TARGETED_DEVICE_FAMILY = "1,2";
				TEST_TARGET_NAME = RideTogether;
			};
			name = Release;
		};
/* End XCBuildConfiguration section */

/* Begin XCConfigurationList section */
		23D1B726280033FB000EDA70 /* Build configuration list for PBXProject "RideTogether" */ = {
			isa = XCConfigurationList;
			buildConfigurations = (
				23D1B73D280033FC000EDA70 /* Debug */,
				23D1B73E280033FC000EDA70 /* Release */,
			);
			defaultConfigurationIsVisible = 0;
			defaultConfigurationName = Release;
		};
		23D1B73F280033FC000EDA70 /* Build configuration list for PBXNativeTarget "RideTogether" */ = {
			isa = XCConfigurationList;
			buildConfigurations = (
				23D1B740280033FC000EDA70 /* Debug */,
				23D1B741280033FC000EDA70 /* Release */,
			);
			defaultConfigurationIsVisible = 0;
			defaultConfigurationName = Release;
		};
		3B9612242AE8352D00196AB3 /* Build configuration list for PBXNativeTarget "RideTogetherUnitTests" */ = {
			isa = XCConfigurationList;
			buildConfigurations = (
				3B9612252AE8352D00196AB3 /* Debug */,
				3B9612262AE8352D00196AB3 /* Release */,
			);
			defaultConfigurationIsVisible = 0;
			defaultConfigurationName = Release;
		};
		3B9612332AE8353F00196AB3 /* Build configuration list for PBXNativeTarget "RideTogetherSnapshotTests" */ = {
			isa = XCConfigurationList;
			buildConfigurations = (
				3B9612342AE8353F00196AB3 /* Debug */,
				3B9612352AE8353F00196AB3 /* Release */,
			);
			defaultConfigurationIsVisible = 0;
			defaultConfigurationName = Release;
		};
/* End XCConfigurationList section */
	};
	rootObject = 23D1B723280033FB000EDA70 /* Project object */;
}
