// !$*UTF8*$!
{
	archiveVersion = 1;
	classes = {
	};
	objectVersion = 55;
	objects = {

/* Begin PBXBuildFile section */
		2304FF4A280891AF00C6B1BF /* NextPageButton.swift in Sources */ = {isa = PBXBuildFile; fileRef = 2304FF49280891AF00C6B1BF /* NextPageButton.swift */; };
		2304FF4C280895F200C6B1BF /* FollowJourneyViewController.swift in Sources */ = {isa = PBXBuildFile; fileRef = 2304FF4B280895F200C6B1BF /* FollowJourneyViewController.swift */; };
		2304FF502808AED200C6B1BF /* OffLineMapButton.swift in Sources */ = {isa = PBXBuildFile; fileRef = 2304FF4F2808AED200C6B1BF /* OffLineMapButton.swift */; };
		2314F20E280AFC6500425F8A /* RecordInfo.swift in Sources */ = {isa = PBXBuildFile; fileRef = 2314F20D280AFC6500425F8A /* RecordInfo.swift */; };
		2314F213280B5AE500425F8A /* SendSMSbutton.swift in Sources */ = {isa = PBXBuildFile; fileRef = 2314F212280B5AE500425F8A /* SendSMSbutton.swift */; };
		231BCB2E28066C3B00DE2343 /* ShareMap.swift in Sources */ = {isa = PBXBuildFile; fileRef = 231BCB2D28066C3B00DE2343 /* ShareMap.swift */; };
		231BCB30280671DE00DE2343 /* RecommendViewController.swift in Sources */ = {isa = PBXBuildFile; fileRef = 231BCB2F280671DE00DE2343 /* RecommendViewController.swift */; };
		231BCB332806724A00DE2343 /* RecommendTableViewCell.swift in Sources */ = {isa = PBXBuildFile; fileRef = 231BCB312806724A00DE2343 /* RecommendTableViewCell.swift */; };
		231BCB342806724A00DE2343 /* RecommendTableViewCell.xib in Resources */ = {isa = PBXBuildFile; fileRef = 231BCB322806724A00DE2343 /* RecommendTableViewCell.xib */; };
		231BCB37280678E700DE2343 /* RecommendDetailViewController.swift in Sources */ = {isa = PBXBuildFile; fileRef = 231BCB36280678E700DE2343 /* RecommendDetailViewController.swift */; };
		231BCB3928067DBD00DE2343 /* MapsManager.swift in Sources */ = {isa = PBXBuildFile; fileRef = 231BCB3828067DBD00DE2343 /* MapsManager.swift */; };
		231BCB3F28069EDF00DE2343 /* OpenGpxTracker.xcdatamodeld in Sources */ = {isa = PBXBuildFile; fileRef = 231BCB3D28069EDF00DE2343 /* OpenGpxTracker.xcdatamodeld */; };
		231BCB412806A37B00DE2343 /* CoredataHelper.swift in Sources */ = {isa = PBXBuildFile; fileRef = 231BCB402806A37B00DE2343 /* CoredataHelper.swift */; };
		231BCB432806A56B00DE2343 /* CoreDataHelper+FetchRequests.swift in Sources */ = {isa = PBXBuildFile; fileRef = 231BCB422806A56B00DE2343 /* CoreDataHelper+FetchRequests.swift */; };
		231BCB5128070BF500DE2343 /* Taiwan.swift in Sources */ = {isa = PBXBuildFile; fileRef = 231BCB5028070BF500DE2343 /* Taiwan.swift */; };
		231BCB5328070C0200DE2343 /* TaiwanMapOverlay.swift in Sources */ = {isa = PBXBuildFile; fileRef = 231BCB5228070C0200DE2343 /* TaiwanMapOverlay.swift */; };
		231BCB61280739AD00DE2343 /* Taipei1.plist in Resources */ = {isa = PBXBuildFile; fileRef = 231BCB60280739AD00DE2343 /* Taipei1.plist */; };
		231BCB6628084B3500DE2343 /* Home.storyboard in Resources */ = {isa = PBXBuildFile; fileRef = 231BCB6528084B3300DE2343 /* Home.storyboard */; };
		231BCB6828084B9E00DE2343 /* HomeViewController.swift in Sources */ = {isa = PBXBuildFile; fileRef = 231BCB6728084B9E00DE2343 /* HomeViewController.swift */; };
		237A279B2817ED2C004F039F /* PickPhotoButton.swift in Sources */ = {isa = PBXBuildFile; fileRef = 237A279A2817ED2C004F039F /* PickPhotoButton.swift */; };
		237A279D28181A60004F039F /* SignUpViewController.swift in Sources */ = {isa = PBXBuildFile; fileRef = 237A279C28181A60004F039F /* SignUpViewController.swift */; };
		237A27A328182FE4004F039F /* ProfileView.swift in Sources */ = {isa = PBXBuildFile; fileRef = 237A27A228182FE4004F039F /* ProfileView.swift */; };
		237A27A728199F2A004F039F /* UIImageView.swift in Sources */ = {isa = PBXBuildFile; fileRef = 237A27A628199F2A004F039F /* UIImageView.swift */; };
		237A27AB281AEC82004F039F /* Member.swift in Sources */ = {isa = PBXBuildFile; fileRef = 237A27A9281AEC81004F039F /* Member.swift */; };
		237A27AC281AEC82004F039F /* Member.xib in Resources */ = {isa = PBXBuildFile; fileRef = 237A27AA281AEC81004F039F /* Member.xib */; };
		2383878A280FCBFF00E9F4F4 /* GroupManager.swift in Sources */ = {isa = PBXBuildFile; fileRef = 23838789280FCBFF00E9F4F4 /* GroupManager.swift */; };
		2383878C280FCD9000E9F4F4 /* Group.swift in Sources */ = {isa = PBXBuildFile; fileRef = 2383878B280FCD9000E9F4F4 /* Group.swift */; };
		2383878E280FE1F300E9F4F4 /* CreateGroupViewController.swift in Sources */ = {isa = PBXBuildFile; fileRef = 2383878D280FE1F300E9F4F4 /* CreateGroupViewController.swift */; };
		2383879028104D3800E9F4F4 /* 49908-bike-ride.json in Resources */ = {isa = PBXBuildFile; fileRef = 2383878F28104D3700E9F4F4 /* 49908-bike-ride.json */; };
		2383879228104D3D00E9F4F4 /* 49908-bike-ride.gif in Resources */ = {isa = PBXBuildFile; fileRef = 2383879128104D3D00E9F4F4 /* 49908-bike-ride.gif */; };
		23A84A6F2811584C00DD8D39 /* GroupHeaderCell.swift in Sources */ = {isa = PBXBuildFile; fileRef = 23A84A6D2811584C00DD8D39 /* GroupHeaderCell.swift */; };
		23A84A702811584C00DD8D39 /* GroupHeaderCell.xib in Resources */ = {isa = PBXBuildFile; fileRef = 23A84A6E2811584C00DD8D39 /* GroupHeaderCell.xib */; };
		23A84A722811673100DD8D39 /* 95671-wave-animation.json in Resources */ = {isa = PBXBuildFile; fileRef = 23A84A712811673100DD8D39 /* 95671-wave-animation.json */; };
		23A84A752811AE2300DD8D39 /* GroupInfo.swift in Sources */ = {isa = PBXBuildFile; fileRef = 23A84A732811AE2300DD8D39 /* GroupInfo.swift */; };
		23A84A762811AE2300DD8D39 /* GroupInfo.xib in Resources */ = {isa = PBXBuildFile; fileRef = 23A84A742811AE2300DD8D39 /* GroupInfo.xib */; };
		23A84A782812E63900DD8D39 /* JoinViewController.swift in Sources */ = {isa = PBXBuildFile; fileRef = 23A84A772812E63800DD8D39 /* JoinViewController.swift */; };
		23A84A7D2812EFFE00DD8D39 /* RouteSelectionViewController.xib in Resources */ = {isa = PBXBuildFile; fileRef = 23A84A792812EFFE00DD8D39 /* RouteSelectionViewController.xib */; };
		23A84A7E2812EFFE00DD8D39 /* DirectionsViewController.xib in Resources */ = {isa = PBXBuildFile; fileRef = 23A84A7A2812EFFE00DD8D39 /* DirectionsViewController.xib */; };
		23A84A7F2812EFFE00DD8D39 /* RouteSelectionViewController.swift in Sources */ = {isa = PBXBuildFile; fileRef = 23A84A7B2812EFFE00DD8D39 /* RouteSelectionViewController.swift */; };
		23A84A802812EFFE00DD8D39 /* DirectionsViewController.swift in Sources */ = {isa = PBXBuildFile; fileRef = 23A84A7C2812EFFE00DD8D39 /* DirectionsViewController.swift */; };
		23A84A8D2813FA9B00DD8D39 /* RouteTypes.swift in Sources */ = {isa = PBXBuildFile; fileRef = 23A84A8B2813FA9B00DD8D39 /* RouteTypes.swift */; };
		23A84A8E2813FA9B00DD8D39 /* RouteTypes.xib in Resources */ = {isa = PBXBuildFile; fileRef = 23A84A8C2813FA9B00DD8D39 /* RouteTypes.xib */; };
		23C8871B28142BC400E3319A /* RoutesType.swift in Sources */ = {isa = PBXBuildFile; fileRef = 23C8871A28142BC400E3319A /* RoutesType.swift */; };
		23C8871D281435EC00E3319A /* RouteViewController.swift in Sources */ = {isa = PBXBuildFile; fileRef = 23C8871C281435EC00E3319A /* RouteViewController.swift */; };
		23C8871F281444B100E3319A /* WeatherManager.swift in Sources */ = {isa = PBXBuildFile; fileRef = 23C8871E281444B100E3319A /* WeatherManager.swift */; };
		23C8872228149ECC00E3319A /* Routes.swift in Sources */ = {isa = PBXBuildFile; fileRef = 23C8872028149ECC00E3319A /* Routes.swift */; };
		23C8872328149ECC00E3319A /* Routes.xib in Resources */ = {isa = PBXBuildFile; fileRef = 23C8872128149ECC00E3319A /* Routes.xib */; };
		23C887252815329800E3319A /* Request.swift in Sources */ = {isa = PBXBuildFile; fileRef = 23C887242815329800E3319A /* Request.swift */; };
		23C887272815450500E3319A /* RouteRideViewController.swift in Sources */ = {isa = PBXBuildFile; fileRef = 23C887262815450500E3319A /* RouteRideViewController.swift */; };
		23C887292815A18F00E3319A /* UICollectionView.swift in Sources */ = {isa = PBXBuildFile; fileRef = 23C887282815A18E00E3319A /* UICollectionView.swift */; };
		23C8872C2815A7F400E3319A /* RoutesTableViewCell.swift in Sources */ = {isa = PBXBuildFile; fileRef = 23C8872A2815A7F400E3319A /* RoutesTableViewCell.swift */; };
		23C8872D2815A7F400E3319A /* RoutesTableViewCell.xib in Resources */ = {isa = PBXBuildFile; fileRef = 23C8872B2815A7F400E3319A /* RoutesTableViewCell.xib */; };
		23C8872E2815C05F00E3319A /* Pods_RideTogether.framework in Frameworks */ = {isa = PBXBuildFile; fileRef = E9F682B0A583FE5FB7AEF0F4 /* Pods_RideTogether.framework */; };
		23CB74B628169B9A00DED822 /* RequestTableViewCell.swift in Sources */ = {isa = PBXBuildFile; fileRef = 23CB74B428169B9A00DED822 /* RequestTableViewCell.swift */; };
		23CB74B728169B9A00DED822 /* RequestTableViewCell.xib in Resources */ = {isa = PBXBuildFile; fileRef = 23CB74B528169B9A00DED822 /* RequestTableViewCell.xib */; };
		23CB74BA2816C81E00DED822 /* GroupStatus.swift in Sources */ = {isa = PBXBuildFile; fileRef = 23CB74B92816C81E00DED822 /* GroupStatus.swift */; };
		23CB74BC2816DB5800DED822 /* ChatRoomViewController.swift in Sources */ = {isa = PBXBuildFile; fileRef = 23CB74BB2816DB5800DED822 /* ChatRoomViewController.swift */; };
		23CB74C028177CAC00DED822 /* LoginViewController.swift in Sources */ = {isa = PBXBuildFile; fileRef = 23CB74BF28177CAC00DED822 /* LoginViewController.swift */; };
		23CB74C62817803300DED822 /* TabBarController.swift in Sources */ = {isa = PBXBuildFile; fileRef = 23CB74C52817803300DED822 /* TabBarController.swift */; };
		23CB74C82817824000DED822 /* UIStorybroad.swift in Sources */ = {isa = PBXBuildFile; fileRef = 23CB74C72817824000DED822 /* UIStorybroad.swift */; };
		23CB74CA281787B400DED822 /* Login.storyboard in Resources */ = {isa = PBXBuildFile; fileRef = 23CB74C9281787B400DED822 /* Login.storyboard */; };
		23CE42A4280E588D00C4C9F1 /* GoogleService-Info.plist in Resources */ = {isa = PBXBuildFile; fileRef = 23CE42A3280E588D00C4C9F1 /* GoogleService-Info.plist */; };
		23CE42A7280E7D6C00C4C9F1 /* DrawRoute.swift in Sources */ = {isa = PBXBuildFile; fileRef = 23CE42A6280E7D6C00C4C9F1 /* DrawRoute.swift */; };
		23CE42A9280E7DCC00C4C9F1 /* RouteAnnotation.swift in Sources */ = {isa = PBXBuildFile; fileRef = 23CE42A8280E7DCC00C4C9F1 /* RouteAnnotation.swift */; };
		23CE42AB280E952300C4C9F1 /* RouteBuilder.swift in Sources */ = {isa = PBXBuildFile; fileRef = 23CE42AA280E952300C4C9F1 /* RouteBuilder.swift */; };
		23CE42B1280EEBF600C4C9F1 /* CLPlacemark+Additions.swift in Sources */ = {isa = PBXBuildFile; fileRef = 23CE42B0280EEBF600C4C9F1 /* CLPlacemark+Additions.swift */; };
		23CE42B3280EEC0D00C4C9F1 /* TimeInterval+Additions.swift in Sources */ = {isa = PBXBuildFile; fileRef = 23CE42B2280EEC0D00C4C9F1 /* TimeInterval+Additions.swift */; };
		23CE42B5280EED4F00C4C9F1 /* UIImage+Additions.swift in Sources */ = {isa = PBXBuildFile; fileRef = 23CE42B4280EED4F00C4C9F1 /* UIImage+Additions.swift */; };
		23CE42B7280EED7D00C4C9F1 /* UITextField+Additions.swift in Sources */ = {isa = PBXBuildFile; fileRef = 23CE42B6280EED7D00C4C9F1 /* UITextField+Additions.swift */; };
		23CE42BD280FB2E600C4C9F1 /* GroupViewController.swift in Sources */ = {isa = PBXBuildFile; fileRef = 23CE42BC280FB2E600C4C9F1 /* GroupViewController.swift */; };
		23CE42C0280FB77400C4C9F1 /* CreateGroupButton.swift in Sources */ = {isa = PBXBuildFile; fileRef = 23CE42BF280FB77400C4C9F1 /* CreateGroupButton.swift */; };
		23D1B72F280033FB000EDA70 /* AppDelegate.swift in Sources */ = {isa = PBXBuildFile; fileRef = 23D1B72E280033FB000EDA70 /* AppDelegate.swift */; };
		23D1B731280033FB000EDA70 /* SceneDelegate.swift in Sources */ = {isa = PBXBuildFile; fileRef = 23D1B730280033FB000EDA70 /* SceneDelegate.swift */; };
		23D1B736280033FB000EDA70 /* Main.storyboard in Resources */ = {isa = PBXBuildFile; fileRef = 23D1B734280033FB000EDA70 /* Main.storyboard */; };
		23D1B738280033FC000EDA70 /* Assets.xcassets in Resources */ = {isa = PBXBuildFile; fileRef = 23D1B737280033FC000EDA70 /* Assets.xcassets */; };
		23D1B73B280033FC000EDA70 /* LaunchScreen.storyboard in Resources */ = {isa = PBXBuildFile; fileRef = 23D1B739280033FC000EDA70 /* LaunchScreen.storyboard */; };
		23D1B74328004694000EDA70 /* JourneyViewController.swift in Sources */ = {isa = PBXBuildFile; fileRef = 23D1B74228004694000EDA70 /* JourneyViewController.swift */; };
		23D1B74528004768000EDA70 /* GPXMapView.swift in Sources */ = {isa = PBXBuildFile; fileRef = 23D1B74428004768000EDA70 /* GPXMapView.swift */; };
		23D1B74928005C16000EDA70 /* BaseViewController.swift in Sources */ = {isa = PBXBuildFile; fileRef = 23D1B74828005C16000EDA70 /* BaseViewController.swift */; };
		23D1B75028005E16000EDA70 /* GPXSession.swift in Sources */ = {isa = PBXBuildFile; fileRef = 23D1B74F28005E16000EDA70 /* GPXSession.swift */; };
		23D1B75228005F2D000EDA70 /* GPXFileInfo.swift in Sources */ = {isa = PBXBuildFile; fileRef = 23D1B75128005F2D000EDA70 /* GPXFileInfo.swift */; };
		23D1B75428005F45000EDA70 /* GPXExtentCoordinates.swift in Sources */ = {isa = PBXBuildFile; fileRef = 23D1B75328005F45000EDA70 /* GPXExtentCoordinates.swift */; };
		23D1B75628005F62000EDA70 /* GPXRoot+length.swift in Sources */ = {isa = PBXBuildFile; fileRef = 23D1B75528005F62000EDA70 /* GPXRoot+length.swift */; };
		23D1B75828005F8C000EDA70 /* GPXTrackPoint+MapKit.swift in Sources */ = {isa = PBXBuildFile; fileRef = 23D1B75728005F8C000EDA70 /* GPXTrackPoint+MapKit.swift */; };
		23D1B75A28005FB0000EDA70 /* GPXTrack+length.swift in Sources */ = {isa = PBXBuildFile; fileRef = 23D1B75928005FB0000EDA70 /* GPXTrack+length.swift */; };
		23D1B75C28005FC9000EDA70 /* StopWatch.swift in Sources */ = {isa = PBXBuildFile; fileRef = 23D1B75B28005FC9000EDA70 /* StopWatch.swift */; };
		23D1B75E28005FE1000EDA70 /* StopWatchDelegate.swift in Sources */ = {isa = PBXBuildFile; fileRef = 23D1B75D28005FE1000EDA70 /* StopWatchDelegate.swift */; };
		23D1B76028006009000EDA70 /* GPXTrackSegment+MapKit.swift in Sources */ = {isa = PBXBuildFile; fileRef = 23D1B75F28006009000EDA70 /* GPXTrackSegment+MapKit.swift */; };
		23D1B7622800601C000EDA70 /* GPXWaypoint+MKAnnotation.swift in Sources */ = {isa = PBXBuildFile; fileRef = 23D1B7612800601C000EDA70 /* GPXWaypoint+MKAnnotation.swift */; };
		23D1B76428006092000EDA70 /* UserInfo.swift in Sources */ = {isa = PBXBuildFile; fileRef = 23D1B76328006092000EDA70 /* UserInfo.swift */; };
		23D1B766280060A6000EDA70 /* Record.swift in Sources */ = {isa = PBXBuildFile; fileRef = 23D1B765280060A6000EDA70 /* Record.swift */; };
		23D1B769280060EC000EDA70 /* DistanceLabel.swift in Sources */ = {isa = PBXBuildFile; fileRef = 23D1B768280060EC000EDA70 /* DistanceLabel.swift */; };
		23D1B76C28006127000EDA70 /* PreviousPageButton.swift in Sources */ = {isa = PBXBuildFile; fileRef = 23D1B76B28006127000EDA70 /* PreviousPageButton.swift */; };
		23D1B76F280061A6000EDA70 /* UIScreen+Extension.swift in Sources */ = {isa = PBXBuildFile; fileRef = 23D1B76E280061A6000EDA70 /* UIScreen+Extension.swift */; };
		23D1B773280061D5000EDA70 /* Double+Measures.swift in Sources */ = {isa = PBXBuildFile; fileRef = 23D1B772280061D5000EDA70 /* Double+Measures.swift */; };
		23D1B775280061F2000EDA70 /* UIButtonExtension.swift in Sources */ = {isa = PBXBuildFile; fileRef = 23D1B774280061F2000EDA70 /* UIButtonExtension.swift */; };
		23D1B77728006212000EDA70 /* UIFontExtension.swift in Sources */ = {isa = PBXBuildFile; fileRef = 23D1B77628006212000EDA70 /* UIFontExtension.swift */; };
		23D1B77928006229000EDA70 /* UIViewExtension.swift in Sources */ = {isa = PBXBuildFile; fileRef = 23D1B77828006229000EDA70 /* UIViewExtension.swift */; };
		23D1B77B28006243000EDA70 /* UIColor+Extension.swift in Sources */ = {isa = PBXBuildFile; fileRef = 23D1B77A28006243000EDA70 /* UIColor+Extension.swift */; };
		23D1B77D28006259000EDA70 /* TimeFormater.swift in Sources */ = {isa = PBXBuildFile; fileRef = 23D1B77C28006259000EDA70 /* TimeFormater.swift */; };
		23D1B783280062E9000EDA70 /* MapViewDelegate.swift in Sources */ = {isa = PBXBuildFile; fileRef = 23D1B782280062E9000EDA70 /* MapViewDelegate.swift */; };
		23D1B78628006346000EDA70 /* GPXFileManager.swift in Sources */ = {isa = PBXBuildFile; fileRef = 23D1B78528006346000EDA70 /* GPXFileManager.swift */; };
		23D1B7882800637A000EDA70 /* RecordManager.swift in Sources */ = {isa = PBXBuildFile; fileRef = 23D1B7872800637A000EDA70 /* RecordManager.swift */; };
		23D1B78A28006396000EDA70 /* UserManager.swift in Sources */ = {isa = PBXBuildFile; fileRef = 23D1B78928006396000EDA70 /* UserManager.swift */; };
		23D1B78C28006663000EDA70 /* Constant.swift in Sources */ = {isa = PBXBuildFile; fileRef = 23D1B78B28006663000EDA70 /* Constant.swift */; };
		23D1B7902800AD0C000EDA70 /* Journey.storyboard in Resources */ = {isa = PBXBuildFile; fileRef = 23D1B78F2800AD0C000EDA70 /* Journey.storyboard */; };
		23D1B7932800B0B2000EDA70 /* ProfileViewController.swift in Sources */ = {isa = PBXBuildFile; fileRef = 23D1B7922800B0B2000EDA70 /* ProfileViewController.swift */; };
		23D1B7952800B0FD000EDA70 /* Profile.storyboard in Resources */ = {isa = PBXBuildFile; fileRef = 23D1B7942800B0FD000EDA70 /* Profile.storyboard */; };
		23D1B7E328041F68000EDA70 /* TracksViewController.swift in Sources */ = {isa = PBXBuildFile; fileRef = 23D1B7E228041F67000EDA70 /* TracksViewController.swift */; };
		23D1B7E528042027000EDA70 /* TrackDetailsViewController.swift in Sources */ = {isa = PBXBuildFile; fileRef = 23D1B7E428042027000EDA70 /* TrackDetailsViewController.swift */; };
		23D1B7E7280428B3000EDA70 /* ProfileItem.swift in Sources */ = {isa = PBXBuildFile; fileRef = 23D1B7E6280428B3000EDA70 /* ProfileItem.swift */; };
		23D1B7EB28042CA6000EDA70 /* ProfileTableViewCell.swift in Sources */ = {isa = PBXBuildFile; fileRef = 23D1B7E928042CA6000EDA70 /* ProfileTableViewCell.swift */; };
		23D1B7EC28042CA6000EDA70 /* ProfileTableViewCell.xib in Resources */ = {isa = PBXBuildFile; fileRef = 23D1B7EA28042CA6000EDA70 /* ProfileTableViewCell.xib */; };
		23D1B7EE2804347C000EDA70 /* UITableView.swift in Sources */ = {isa = PBXBuildFile; fileRef = 23D1B7ED2804347B000EDA70 /* UITableView.swift */; };
		23D1B7F228045A72000EDA70 /* TrackTableViewCell.swift in Sources */ = {isa = PBXBuildFile; fileRef = 23D1B7F028045A72000EDA70 /* TrackTableViewCell.swift */; };
		23D1B7F328045A72000EDA70 /* TrackTableViewCell.xib in Resources */ = {isa = PBXBuildFile; fileRef = 23D1B7F128045A72000EDA70 /* TrackTableViewCell.xib */; };
		23D1B80A2805BED3000EDA70 /* Group.storyboard in Resources */ = {isa = PBXBuildFile; fileRef = 23D1B8092805BED3000EDA70 /* Group.storyboard */; };
		23D1B80E2805C2E8000EDA70 /* GPXFilesTableViewController.swift in Sources */ = {isa = PBXBuildFile; fileRef = 23D1B80D2805C2E8000EDA70 /* GPXFilesTableViewController.swift */; };
		23D1B8102805D29E000EDA70 /* Date+Time.swift in Sources */ = {isa = PBXBuildFile; fileRef = 23D1B80F2805D29E000EDA70 /* Date+Time.swift */; };
		23FC48A02809B46400EAD314 /* Route.swift in Sources */ = {isa = PBXBuildFile; fileRef = 23FC489F2809B46400EAD314 /* Route.swift */; };
		23FC48A4280AB8C200EAD314 /* TrackInfo.swift in Sources */ = {isa = PBXBuildFile; fileRef = 23FC48A3280AB8C200EAD314 /* TrackInfo.swift */; };
/* End PBXBuildFile section */

/* Begin PBXFileReference section */
		2304FF49280891AF00C6B1BF /* NextPageButton.swift */ = {isa = PBXFileReference; lastKnownFileType = sourcecode.swift; path = NextPageButton.swift; sourceTree = "<group>"; };
		2304FF4B280895F200C6B1BF /* FollowJourneyViewController.swift */ = {isa = PBXFileReference; lastKnownFileType = sourcecode.swift; path = FollowJourneyViewController.swift; sourceTree = "<group>"; };
		2304FF4F2808AED200C6B1BF /* OffLineMapButton.swift */ = {isa = PBXFileReference; lastKnownFileType = sourcecode.swift; path = OffLineMapButton.swift; sourceTree = "<group>"; };
		2314F20D280AFC6500425F8A /* RecordInfo.swift */ = {isa = PBXFileReference; lastKnownFileType = sourcecode.swift; path = RecordInfo.swift; sourceTree = "<group>"; };
		2314F212280B5AE500425F8A /* SendSMSbutton.swift */ = {isa = PBXFileReference; lastKnownFileType = sourcecode.swift; path = SendSMSbutton.swift; sourceTree = "<group>"; };
		231BCB2D28066C3B00DE2343 /* ShareMap.swift */ = {isa = PBXFileReference; lastKnownFileType = sourcecode.swift; path = ShareMap.swift; sourceTree = "<group>"; };
		231BCB2F280671DE00DE2343 /* RecommendViewController.swift */ = {isa = PBXFileReference; lastKnownFileType = sourcecode.swift; path = RecommendViewController.swift; sourceTree = "<group>"; };
		231BCB312806724A00DE2343 /* RecommendTableViewCell.swift */ = {isa = PBXFileReference; lastKnownFileType = sourcecode.swift; path = RecommendTableViewCell.swift; sourceTree = "<group>"; };
		231BCB322806724A00DE2343 /* RecommendTableViewCell.xib */ = {isa = PBXFileReference; lastKnownFileType = file.xib; path = RecommendTableViewCell.xib; sourceTree = "<group>"; };
		231BCB36280678E700DE2343 /* RecommendDetailViewController.swift */ = {isa = PBXFileReference; lastKnownFileType = sourcecode.swift; path = RecommendDetailViewController.swift; sourceTree = "<group>"; };
		231BCB3828067DBD00DE2343 /* MapsManager.swift */ = {isa = PBXFileReference; lastKnownFileType = sourcecode.swift; path = MapsManager.swift; sourceTree = "<group>"; };
		231BCB3E28069EDF00DE2343 /* OpenGpxTracker.xcdatamodel */ = {isa = PBXFileReference; lastKnownFileType = wrapper.xcdatamodel; path = OpenGpxTracker.xcdatamodel; sourceTree = "<group>"; };
		231BCB402806A37B00DE2343 /* CoredataHelper.swift */ = {isa = PBXFileReference; lastKnownFileType = sourcecode.swift; path = CoredataHelper.swift; sourceTree = "<group>"; };
		231BCB422806A56B00DE2343 /* CoreDataHelper+FetchRequests.swift */ = {isa = PBXFileReference; lastKnownFileType = sourcecode.swift; path = "CoreDataHelper+FetchRequests.swift"; sourceTree = "<group>"; };
		231BCB5028070BF500DE2343 /* Taiwan.swift */ = {isa = PBXFileReference; fileEncoding = 4; lastKnownFileType = sourcecode.swift; path = Taiwan.swift; sourceTree = "<group>"; };
		231BCB5228070C0200DE2343 /* TaiwanMapOverlay.swift */ = {isa = PBXFileReference; fileEncoding = 4; lastKnownFileType = sourcecode.swift; path = TaiwanMapOverlay.swift; sourceTree = "<group>"; };
		231BCB60280739AD00DE2343 /* Taipei1.plist */ = {isa = PBXFileReference; fileEncoding = 4; lastKnownFileType = text.plist.xml; path = Taipei1.plist; sourceTree = "<group>"; };
		231BCB6528084B3300DE2343 /* Home.storyboard */ = {isa = PBXFileReference; lastKnownFileType = file.storyboard; path = Home.storyboard; sourceTree = "<group>"; };
		231BCB6728084B9E00DE2343 /* HomeViewController.swift */ = {isa = PBXFileReference; lastKnownFileType = sourcecode.swift; path = HomeViewController.swift; sourceTree = "<group>"; };
		237A279A2817ED2C004F039F /* PickPhotoButton.swift */ = {isa = PBXFileReference; lastKnownFileType = sourcecode.swift; path = PickPhotoButton.swift; sourceTree = "<group>"; };
		237A279C28181A60004F039F /* SignUpViewController.swift */ = {isa = PBXFileReference; lastKnownFileType = sourcecode.swift; path = SignUpViewController.swift; sourceTree = "<group>"; };
		237A27A228182FE4004F039F /* ProfileView.swift */ = {isa = PBXFileReference; lastKnownFileType = sourcecode.swift; path = ProfileView.swift; sourceTree = "<group>"; };
		237A27A628199F2A004F039F /* UIImageView.swift */ = {isa = PBXFileReference; lastKnownFileType = sourcecode.swift; path = UIImageView.swift; sourceTree = "<group>"; };
		237A27A9281AEC81004F039F /* Member.swift */ = {isa = PBXFileReference; lastKnownFileType = sourcecode.swift; path = Member.swift; sourceTree = "<group>"; };
		237A27AA281AEC81004F039F /* Member.xib */ = {isa = PBXFileReference; lastKnownFileType = file.xib; path = Member.xib; sourceTree = "<group>"; };
		23838789280FCBFF00E9F4F4 /* GroupManager.swift */ = {isa = PBXFileReference; lastKnownFileType = sourcecode.swift; path = GroupManager.swift; sourceTree = "<group>"; };
		2383878B280FCD9000E9F4F4 /* Group.swift */ = {isa = PBXFileReference; lastKnownFileType = sourcecode.swift; path = Group.swift; sourceTree = "<group>"; };
		2383878D280FE1F300E9F4F4 /* CreateGroupViewController.swift */ = {isa = PBXFileReference; lastKnownFileType = sourcecode.swift; path = CreateGroupViewController.swift; sourceTree = "<group>"; };
		2383878F28104D3700E9F4F4 /* 49908-bike-ride.json */ = {isa = PBXFileReference; fileEncoding = 4; lastKnownFileType = text.json; path = "49908-bike-ride.json"; sourceTree = "<group>"; };
		2383879128104D3D00E9F4F4 /* 49908-bike-ride.gif */ = {isa = PBXFileReference; lastKnownFileType = image.gif; path = "49908-bike-ride.gif"; sourceTree = "<group>"; };
		23A84A6D2811584C00DD8D39 /* GroupHeaderCell.swift */ = {isa = PBXFileReference; lastKnownFileType = sourcecode.swift; path = GroupHeaderCell.swift; sourceTree = "<group>"; };
		23A84A6E2811584C00DD8D39 /* GroupHeaderCell.xib */ = {isa = PBXFileReference; lastKnownFileType = file.xib; path = GroupHeaderCell.xib; sourceTree = "<group>"; };
		23A84A712811673100DD8D39 /* 95671-wave-animation.json */ = {isa = PBXFileReference; fileEncoding = 4; lastKnownFileType = text.json; path = "95671-wave-animation.json"; sourceTree = "<group>"; };
		23A84A732811AE2300DD8D39 /* GroupInfo.swift */ = {isa = PBXFileReference; lastKnownFileType = sourcecode.swift; path = GroupInfo.swift; sourceTree = "<group>"; };
		23A84A742811AE2300DD8D39 /* GroupInfo.xib */ = {isa = PBXFileReference; lastKnownFileType = file.xib; path = GroupInfo.xib; sourceTree = "<group>"; };
		23A84A772812E63800DD8D39 /* JoinViewController.swift */ = {isa = PBXFileReference; lastKnownFileType = sourcecode.swift; path = JoinViewController.swift; sourceTree = "<group>"; };
		23A84A792812EFFE00DD8D39 /* RouteSelectionViewController.xib */ = {isa = PBXFileReference; fileEncoding = 4; lastKnownFileType = file.xib; path = RouteSelectionViewController.xib; sourceTree = "<group>"; };
		23A84A7A2812EFFE00DD8D39 /* DirectionsViewController.xib */ = {isa = PBXFileReference; fileEncoding = 4; lastKnownFileType = file.xib; path = DirectionsViewController.xib; sourceTree = "<group>"; };
		23A84A7B2812EFFE00DD8D39 /* RouteSelectionViewController.swift */ = {isa = PBXFileReference; fileEncoding = 4; lastKnownFileType = sourcecode.swift; path = RouteSelectionViewController.swift; sourceTree = "<group>"; };
		23A84A7C2812EFFE00DD8D39 /* DirectionsViewController.swift */ = {isa = PBXFileReference; fileEncoding = 4; lastKnownFileType = sourcecode.swift; path = DirectionsViewController.swift; sourceTree = "<group>"; };
		23A84A8B2813FA9B00DD8D39 /* RouteTypes.swift */ = {isa = PBXFileReference; lastKnownFileType = sourcecode.swift; path = RouteTypes.swift; sourceTree = "<group>"; };
		23A84A8C2813FA9B00DD8D39 /* RouteTypes.xib */ = {isa = PBXFileReference; lastKnownFileType = file.xib; path = RouteTypes.xib; sourceTree = "<group>"; };
		23C8871A28142BC400E3319A /* RoutesType.swift */ = {isa = PBXFileReference; lastKnownFileType = sourcecode.swift; path = RoutesType.swift; sourceTree = "<group>"; };
		23C8871C281435EC00E3319A /* RouteViewController.swift */ = {isa = PBXFileReference; lastKnownFileType = sourcecode.swift; path = RouteViewController.swift; sourceTree = "<group>"; };
		23C8871E281444B100E3319A /* WeatherManager.swift */ = {isa = PBXFileReference; lastKnownFileType = sourcecode.swift; path = WeatherManager.swift; sourceTree = "<group>"; };
		23C8872028149ECC00E3319A /* Routes.swift */ = {isa = PBXFileReference; lastKnownFileType = sourcecode.swift; path = Routes.swift; sourceTree = "<group>"; };
		23C8872128149ECC00E3319A /* Routes.xib */ = {isa = PBXFileReference; lastKnownFileType = file.xib; path = Routes.xib; sourceTree = "<group>"; };
		23C887242815329800E3319A /* Request.swift */ = {isa = PBXFileReference; lastKnownFileType = sourcecode.swift; path = Request.swift; sourceTree = "<group>"; };
		23C887262815450500E3319A /* RouteRideViewController.swift */ = {isa = PBXFileReference; lastKnownFileType = sourcecode.swift; path = RouteRideViewController.swift; sourceTree = "<group>"; };
		23C887282815A18E00E3319A /* UICollectionView.swift */ = {isa = PBXFileReference; lastKnownFileType = sourcecode.swift; path = UICollectionView.swift; sourceTree = "<group>"; };
		23C8872A2815A7F400E3319A /* RoutesTableViewCell.swift */ = {isa = PBXFileReference; lastKnownFileType = sourcecode.swift; path = RoutesTableViewCell.swift; sourceTree = "<group>"; };
		23C8872B2815A7F400E3319A /* RoutesTableViewCell.xib */ = {isa = PBXFileReference; lastKnownFileType = file.xib; path = RoutesTableViewCell.xib; sourceTree = "<group>"; };
		23CB74B428169B9A00DED822 /* RequestTableViewCell.swift */ = {isa = PBXFileReference; lastKnownFileType = sourcecode.swift; path = RequestTableViewCell.swift; sourceTree = "<group>"; };
		23CB74B528169B9A00DED822 /* RequestTableViewCell.xib */ = {isa = PBXFileReference; lastKnownFileType = file.xib; path = RequestTableViewCell.xib; sourceTree = "<group>"; };
		23CB74B92816C81E00DED822 /* GroupStatus.swift */ = {isa = PBXFileReference; lastKnownFileType = sourcecode.swift; path = GroupStatus.swift; sourceTree = "<group>"; };
		23CB74BB2816DB5800DED822 /* ChatRoomViewController.swift */ = {isa = PBXFileReference; lastKnownFileType = sourcecode.swift; path = ChatRoomViewController.swift; sourceTree = "<group>"; };
		23CB74BF28177CAC00DED822 /* LoginViewController.swift */ = {isa = PBXFileReference; lastKnownFileType = sourcecode.swift; path = LoginViewController.swift; sourceTree = "<group>"; };
		23CB74C52817803300DED822 /* TabBarController.swift */ = {isa = PBXFileReference; lastKnownFileType = sourcecode.swift; path = TabBarController.swift; sourceTree = "<group>"; };
		23CB74C72817824000DED822 /* UIStorybroad.swift */ = {isa = PBXFileReference; lastKnownFileType = sourcecode.swift; path = UIStorybroad.swift; sourceTree = "<group>"; };
		23CB74C9281787B400DED822 /* Login.storyboard */ = {isa = PBXFileReference; lastKnownFileType = file.storyboard; path = Login.storyboard; sourceTree = "<group>"; };
		23CB74CB2817897000DED822 /* RideTogetherDebug.entitlements */ = {isa = PBXFileReference; lastKnownFileType = text.plist.entitlements; path = RideTogetherDebug.entitlements; sourceTree = "<group>"; };
		23CE42A3280E588D00C4C9F1 /* GoogleService-Info.plist */ = {isa = PBXFileReference; fileEncoding = 4; lastKnownFileType = text.plist.xml; name = "GoogleService-Info.plist"; path = "plist/GoogleService-Info.plist"; sourceTree = "<group>"; };
		23CE42A6280E7D6C00C4C9F1 /* DrawRoute.swift */ = {isa = PBXFileReference; lastKnownFileType = sourcecode.swift; path = DrawRoute.swift; sourceTree = "<group>"; };
		23CE42A8280E7DCC00C4C9F1 /* RouteAnnotation.swift */ = {isa = PBXFileReference; lastKnownFileType = sourcecode.swift; path = RouteAnnotation.swift; sourceTree = "<group>"; };
		23CE42AA280E952300C4C9F1 /* RouteBuilder.swift */ = {isa = PBXFileReference; lastKnownFileType = sourcecode.swift; path = RouteBuilder.swift; sourceTree = "<group>"; };
		23CE42B0280EEBF600C4C9F1 /* CLPlacemark+Additions.swift */ = {isa = PBXFileReference; lastKnownFileType = sourcecode.swift; path = "CLPlacemark+Additions.swift"; sourceTree = "<group>"; };
		23CE42B2280EEC0D00C4C9F1 /* TimeInterval+Additions.swift */ = {isa = PBXFileReference; lastKnownFileType = sourcecode.swift; path = "TimeInterval+Additions.swift"; sourceTree = "<group>"; };
		23CE42B4280EED4F00C4C9F1 /* UIImage+Additions.swift */ = {isa = PBXFileReference; lastKnownFileType = sourcecode.swift; path = "UIImage+Additions.swift"; sourceTree = "<group>"; };
		23CE42B6280EED7D00C4C9F1 /* UITextField+Additions.swift */ = {isa = PBXFileReference; lastKnownFileType = sourcecode.swift; path = "UITextField+Additions.swift"; sourceTree = "<group>"; };
		23CE42BC280FB2E600C4C9F1 /* GroupViewController.swift */ = {isa = PBXFileReference; lastKnownFileType = sourcecode.swift; path = GroupViewController.swift; sourceTree = "<group>"; };
		23CE42BF280FB77400C4C9F1 /* CreateGroupButton.swift */ = {isa = PBXFileReference; lastKnownFileType = sourcecode.swift; path = CreateGroupButton.swift; sourceTree = "<group>"; };
		23D1B72B280033FB000EDA70 /* RideTogether.app */ = {isa = PBXFileReference; explicitFileType = wrapper.application; includeInIndex = 0; path = RideTogether.app; sourceTree = BUILT_PRODUCTS_DIR; };
		23D1B72E280033FB000EDA70 /* AppDelegate.swift */ = {isa = PBXFileReference; lastKnownFileType = sourcecode.swift; path = AppDelegate.swift; sourceTree = "<group>"; };
		23D1B730280033FB000EDA70 /* SceneDelegate.swift */ = {isa = PBXFileReference; lastKnownFileType = sourcecode.swift; path = SceneDelegate.swift; sourceTree = "<group>"; };
		23D1B735280033FB000EDA70 /* Base */ = {isa = PBXFileReference; lastKnownFileType = file.storyboard; name = Base; path = Base.lproj/Main.storyboard; sourceTree = "<group>"; };
		23D1B737280033FC000EDA70 /* Assets.xcassets */ = {isa = PBXFileReference; lastKnownFileType = folder.assetcatalog; path = Assets.xcassets; sourceTree = "<group>"; };
		23D1B73A280033FC000EDA70 /* Base */ = {isa = PBXFileReference; lastKnownFileType = file.storyboard; name = Base; path = Base.lproj/LaunchScreen.storyboard; sourceTree = "<group>"; };
		23D1B73C280033FC000EDA70 /* Info.plist */ = {isa = PBXFileReference; lastKnownFileType = text.plist.xml; path = Info.plist; sourceTree = "<group>"; };
		23D1B74228004694000EDA70 /* JourneyViewController.swift */ = {isa = PBXFileReference; lastKnownFileType = sourcecode.swift; path = JourneyViewController.swift; sourceTree = "<group>"; };
		23D1B74428004768000EDA70 /* GPXMapView.swift */ = {isa = PBXFileReference; lastKnownFileType = sourcecode.swift; path = GPXMapView.swift; sourceTree = "<group>"; };
		23D1B74828005C16000EDA70 /* BaseViewController.swift */ = {isa = PBXFileReference; lastKnownFileType = sourcecode.swift; path = BaseViewController.swift; sourceTree = "<group>"; };
		23D1B74F28005E16000EDA70 /* GPXSession.swift */ = {isa = PBXFileReference; lastKnownFileType = sourcecode.swift; path = GPXSession.swift; sourceTree = "<group>"; };
		23D1B75128005F2D000EDA70 /* GPXFileInfo.swift */ = {isa = PBXFileReference; lastKnownFileType = sourcecode.swift; path = GPXFileInfo.swift; sourceTree = "<group>"; };
		23D1B75328005F45000EDA70 /* GPXExtentCoordinates.swift */ = {isa = PBXFileReference; lastKnownFileType = sourcecode.swift; path = GPXExtentCoordinates.swift; sourceTree = "<group>"; };
		23D1B75528005F62000EDA70 /* GPXRoot+length.swift */ = {isa = PBXFileReference; lastKnownFileType = sourcecode.swift; path = "GPXRoot+length.swift"; sourceTree = "<group>"; };
		23D1B75728005F8C000EDA70 /* GPXTrackPoint+MapKit.swift */ = {isa = PBXFileReference; lastKnownFileType = sourcecode.swift; path = "GPXTrackPoint+MapKit.swift"; sourceTree = "<group>"; };
		23D1B75928005FB0000EDA70 /* GPXTrack+length.swift */ = {isa = PBXFileReference; lastKnownFileType = sourcecode.swift; path = "GPXTrack+length.swift"; sourceTree = "<group>"; };
		23D1B75B28005FC9000EDA70 /* StopWatch.swift */ = {isa = PBXFileReference; lastKnownFileType = sourcecode.swift; path = StopWatch.swift; sourceTree = "<group>"; };
		23D1B75D28005FE1000EDA70 /* StopWatchDelegate.swift */ = {isa = PBXFileReference; lastKnownFileType = sourcecode.swift; path = StopWatchDelegate.swift; sourceTree = "<group>"; };
		23D1B75F28006009000EDA70 /* GPXTrackSegment+MapKit.swift */ = {isa = PBXFileReference; lastKnownFileType = sourcecode.swift; path = "GPXTrackSegment+MapKit.swift"; sourceTree = "<group>"; };
		23D1B7612800601C000EDA70 /* GPXWaypoint+MKAnnotation.swift */ = {isa = PBXFileReference; lastKnownFileType = sourcecode.swift; path = "GPXWaypoint+MKAnnotation.swift"; sourceTree = "<group>"; };
		23D1B76328006092000EDA70 /* UserInfo.swift */ = {isa = PBXFileReference; lastKnownFileType = sourcecode.swift; path = UserInfo.swift; sourceTree = "<group>"; };
		23D1B765280060A6000EDA70 /* Record.swift */ = {isa = PBXFileReference; lastKnownFileType = sourcecode.swift; path = Record.swift; sourceTree = "<group>"; };
		23D1B768280060EC000EDA70 /* DistanceLabel.swift */ = {isa = PBXFileReference; lastKnownFileType = sourcecode.swift; path = DistanceLabel.swift; sourceTree = "<group>"; };
		23D1B76B28006127000EDA70 /* PreviousPageButton.swift */ = {isa = PBXFileReference; lastKnownFileType = sourcecode.swift; path = PreviousPageButton.swift; sourceTree = "<group>"; };
		23D1B76E280061A6000EDA70 /* UIScreen+Extension.swift */ = {isa = PBXFileReference; lastKnownFileType = sourcecode.swift; path = "UIScreen+Extension.swift"; sourceTree = "<group>"; };
		23D1B772280061D5000EDA70 /* Double+Measures.swift */ = {isa = PBXFileReference; lastKnownFileType = sourcecode.swift; path = "Double+Measures.swift"; sourceTree = "<group>"; };
		23D1B774280061F2000EDA70 /* UIButtonExtension.swift */ = {isa = PBXFileReference; lastKnownFileType = sourcecode.swift; path = UIButtonExtension.swift; sourceTree = "<group>"; };
		23D1B77628006212000EDA70 /* UIFontExtension.swift */ = {isa = PBXFileReference; lastKnownFileType = sourcecode.swift; path = UIFontExtension.swift; sourceTree = "<group>"; };
		23D1B77828006229000EDA70 /* UIViewExtension.swift */ = {isa = PBXFileReference; lastKnownFileType = sourcecode.swift; path = UIViewExtension.swift; sourceTree = "<group>"; };
		23D1B77A28006243000EDA70 /* UIColor+Extension.swift */ = {isa = PBXFileReference; lastKnownFileType = sourcecode.swift; path = "UIColor+Extension.swift"; sourceTree = "<group>"; };
		23D1B77C28006259000EDA70 /* TimeFormater.swift */ = {isa = PBXFileReference; lastKnownFileType = sourcecode.swift; path = TimeFormater.swift; sourceTree = "<group>"; };
		23D1B782280062E9000EDA70 /* MapViewDelegate.swift */ = {isa = PBXFileReference; lastKnownFileType = sourcecode.swift; path = MapViewDelegate.swift; sourceTree = "<group>"; };
		23D1B78528006346000EDA70 /* GPXFileManager.swift */ = {isa = PBXFileReference; lastKnownFileType = sourcecode.swift; path = GPXFileManager.swift; sourceTree = "<group>"; };
		23D1B7872800637A000EDA70 /* RecordManager.swift */ = {isa = PBXFileReference; lastKnownFileType = sourcecode.swift; path = RecordManager.swift; sourceTree = "<group>"; };
		23D1B78928006396000EDA70 /* UserManager.swift */ = {isa = PBXFileReference; lastKnownFileType = sourcecode.swift; path = UserManager.swift; sourceTree = "<group>"; };
		23D1B78B28006663000EDA70 /* Constant.swift */ = {isa = PBXFileReference; lastKnownFileType = sourcecode.swift; path = Constant.swift; sourceTree = "<group>"; };
		23D1B78F2800AD0C000EDA70 /* Journey.storyboard */ = {isa = PBXFileReference; lastKnownFileType = file.storyboard; path = Journey.storyboard; sourceTree = "<group>"; };
		23D1B7922800B0B2000EDA70 /* ProfileViewController.swift */ = {isa = PBXFileReference; lastKnownFileType = sourcecode.swift; path = ProfileViewController.swift; sourceTree = "<group>"; };
		23D1B7942800B0FD000EDA70 /* Profile.storyboard */ = {isa = PBXFileReference; lastKnownFileType = file.storyboard; path = Profile.storyboard; sourceTree = "<group>"; };
		23D1B7E228041F67000EDA70 /* TracksViewController.swift */ = {isa = PBXFileReference; lastKnownFileType = sourcecode.swift; path = TracksViewController.swift; sourceTree = "<group>"; };
		23D1B7E428042027000EDA70 /* TrackDetailsViewController.swift */ = {isa = PBXFileReference; lastKnownFileType = sourcecode.swift; path = TrackDetailsViewController.swift; sourceTree = "<group>"; };
		23D1B7E6280428B3000EDA70 /* ProfileItem.swift */ = {isa = PBXFileReference; lastKnownFileType = sourcecode.swift; path = ProfileItem.swift; sourceTree = "<group>"; };
		23D1B7E928042CA6000EDA70 /* ProfileTableViewCell.swift */ = {isa = PBXFileReference; lastKnownFileType = sourcecode.swift; path = ProfileTableViewCell.swift; sourceTree = "<group>"; };
		23D1B7EA28042CA6000EDA70 /* ProfileTableViewCell.xib */ = {isa = PBXFileReference; lastKnownFileType = file.xib; path = ProfileTableViewCell.xib; sourceTree = "<group>"; };
		23D1B7ED2804347B000EDA70 /* UITableView.swift */ = {isa = PBXFileReference; lastKnownFileType = sourcecode.swift; path = UITableView.swift; sourceTree = "<group>"; };
		23D1B7F028045A72000EDA70 /* TrackTableViewCell.swift */ = {isa = PBXFileReference; lastKnownFileType = sourcecode.swift; path = TrackTableViewCell.swift; sourceTree = "<group>"; };
		23D1B7F128045A72000EDA70 /* TrackTableViewCell.xib */ = {isa = PBXFileReference; lastKnownFileType = file.xib; path = TrackTableViewCell.xib; sourceTree = "<group>"; };
		23D1B7F8280561D3000EDA70 /* MJRefresher.swift */ = {isa = PBXFileReference; lastKnownFileType = sourcecode.swift; path = MJRefresher.swift; sourceTree = "<group>"; };
		23D1B8092805BED3000EDA70 /* Group.storyboard */ = {isa = PBXFileReference; lastKnownFileType = file.storyboard; path = Group.storyboard; sourceTree = "<group>"; };
		23D1B80D2805C2E8000EDA70 /* GPXFilesTableViewController.swift */ = {isa = PBXFileReference; lastKnownFileType = sourcecode.swift; path = GPXFilesTableViewController.swift; sourceTree = "<group>"; };
		23D1B80F2805D29E000EDA70 /* Date+Time.swift */ = {isa = PBXFileReference; lastKnownFileType = sourcecode.swift; path = "Date+Time.swift"; sourceTree = "<group>"; };
		23FC489F2809B46400EAD314 /* Route.swift */ = {isa = PBXFileReference; lastKnownFileType = sourcecode.swift; path = Route.swift; sourceTree = "<group>"; };
		23FC48A3280AB8C200EAD314 /* TrackInfo.swift */ = {isa = PBXFileReference; lastKnownFileType = sourcecode.swift; path = TrackInfo.swift; sourceTree = "<group>"; };
		406981E8BFCC5EF341A4ADB0 /* Pods-RideTogether.release.xcconfig */ = {isa = PBXFileReference; includeInIndex = 1; lastKnownFileType = text.xcconfig; name = "Pods-RideTogether.release.xcconfig"; path = "Target Support Files/Pods-RideTogether/Pods-RideTogether.release.xcconfig"; sourceTree = "<group>"; };
		6A3ECC32346DF4249FA59FEE /* Pods-RideTogether.debug.xcconfig */ = {isa = PBXFileReference; includeInIndex = 1; lastKnownFileType = text.xcconfig; name = "Pods-RideTogether.debug.xcconfig"; path = "Target Support Files/Pods-RideTogether/Pods-RideTogether.debug.xcconfig"; sourceTree = "<group>"; };
		E9F682B0A583FE5FB7AEF0F4 /* Pods_RideTogether.framework */ = {isa = PBXFileReference; explicitFileType = wrapper.framework; includeInIndex = 0; path = Pods_RideTogether.framework; sourceTree = BUILT_PRODUCTS_DIR; };
/* End PBXFileReference section */

/* Begin PBXFrameworksBuildPhase section */
		23D1B728280033FB000EDA70 /* Frameworks */ = {
			isa = PBXFrameworksBuildPhase;
			buildActionMask = 2147483647;
			files = (
				23C8872E2815C05F00E3319A /* Pods_RideTogether.framework in Frameworks */,
			);
			runOnlyForDeploymentPostprocessing = 0;
		};
/* End PBXFrameworksBuildPhase section */

/* Begin PBXGroup section */
		231BCB352806724F00DE2343 /* RecommendMap */ = {
			isa = PBXGroup;
			children = (
				231BCB312806724A00DE2343 /* RecommendTableViewCell.swift */,
				231BCB322806724A00DE2343 /* RecommendTableViewCell.xib */,
			);
			path = RecommendMap;
			sourceTree = "<group>";
		};
		231BCB69280858C800DE2343 /* Profile */ = {
			isa = PBXGroup;
			children = (
				23D1B76328006092000EDA70 /* UserInfo.swift */,
				23D1B765280060A6000EDA70 /* Record.swift */,
				23D1B7E6280428B3000EDA70 /* ProfileItem.swift */,
				23FC48A3280AB8C200EAD314 /* TrackInfo.swift */,
			);
			path = Profile;
			sourceTree = "<group>";
		};
		231BCB6A280858D700DE2343 /* Home */ = {
			isa = PBXGroup;
			children = (
				23FC489F2809B46400EAD314 /* Route.swift */,
				23C8871A28142BC400E3319A /* RoutesType.swift */,
				231BCB2D28066C3B00DE2343 /* ShareMap.swift */,
				23CE42A6280E7D6C00C4C9F1 /* DrawRoute.swift */,
				23CE42A8280E7DCC00C4C9F1 /* RouteAnnotation.swift */,
			);
			path = Home;
			sourceTree = "<group>";
		};
		231BCB6B2808593E00DE2343 /* Home */ = {
			isa = PBXGroup;
			children = (
				231BCB6728084B9E00DE2343 /* HomeViewController.swift */,
				23C8871C281435EC00E3319A /* RouteViewController.swift */,
				23C887262815450500E3319A /* RouteRideViewController.swift */,
			);
			path = Home;
			sourceTree = "<group>";
		};
		237A27A8281A6948004F039F /* Login */ = {
			isa = PBXGroup;
			children = (
				23CB74BF28177CAC00DED822 /* LoginViewController.swift */,
				237A279C28181A60004F039F /* SignUpViewController.swift */,
			);
			path = Login;
			sourceTree = "<group>";
		};
		23A84A682811570600DD8D39 /* Group */ = {
			isa = PBXGroup;
			children = (
				23D1B8092805BED3000EDA70 /* Group.storyboard */,
				23A84A6D2811584C00DD8D39 /* GroupHeaderCell.swift */,
				23A84A6E2811584C00DD8D39 /* GroupHeaderCell.xib */,
				23A84A732811AE2300DD8D39 /* GroupInfo.swift */,
				23A84A742811AE2300DD8D39 /* GroupInfo.xib */,
				23CB74B428169B9A00DED822 /* RequestTableViewCell.swift */,
				23CB74B528169B9A00DED822 /* RequestTableViewCell.xib */,
				237A27A9281AEC81004F039F /* Member.swift */,
				237A27AA281AEC81004F039F /* Member.xib */,
			);
			path = Group;
			sourceTree = "<group>";
		};
		23C887192814285A00E3319A /* Home */ = {
			isa = PBXGroup;
			children = (
				231BCB6528084B3300DE2343 /* Home.storyboard */,
				23A84A8B2813FA9B00DD8D39 /* RouteTypes.swift */,
				23A84A8C2813FA9B00DD8D39 /* RouteTypes.xib */,
				23C8872A2815A7F400E3319A /* RoutesTableViewCell.swift */,
				23C8872B2815A7F400E3319A /* RoutesTableViewCell.xib */,
				23C8872028149ECC00E3319A /* Routes.swift */,
				23C8872128149ECC00E3319A /* Routes.xib */,
			);
			path = Home;
			sourceTree = "<group>";
		};
		23CB74B82816C7FE00DED822 /* Group */ = {
			isa = PBXGroup;
			children = (
				2383878B280FCD9000E9F4F4 /* Group.swift */,
				23C887242815329800E3319A /* Request.swift */,
				23CB74B92816C81E00DED822 /* GroupStatus.swift */,
			);
			path = Group;
			sourceTree = "<group>";
		};
		23CE42A0280E571700C4C9F1 /* Resource */ = {
			isa = PBXGroup;
			children = (
				23D1B72E280033FB000EDA70 /* AppDelegate.swift */,
				23D1B730280033FB000EDA70 /* SceneDelegate.swift */,
				23D1B782280062E9000EDA70 /* MapViewDelegate.swift */,
			);
			path = Resource;
			sourceTree = "<group>";
		};
		23CE42A5280E5F0A00C4C9F1 /* ReuseButton */ = {
			isa = PBXGroup;
			children = (
				23D1B76B28006127000EDA70 /* PreviousPageButton.swift */,
				2304FF49280891AF00C6B1BF /* NextPageButton.swift */,
				2304FF4F2808AED200C6B1BF /* OffLineMapButton.swift */,
				2314F212280B5AE500425F8A /* SendSMSbutton.swift */,
				23CE42BF280FB77400C4C9F1 /* CreateGroupButton.swift */,
				237A279A2817ED2C004F039F /* PickPhotoButton.swift */,
			);
			path = ReuseButton;
			sourceTree = "<group>";
		};
		23CE42BE280FB74700C4C9F1 /* Group */ = {
			isa = PBXGroup;
			children = (
				23CE42BC280FB2E600C4C9F1 /* GroupViewController.swift */,
				2383878D280FE1F300E9F4F4 /* CreateGroupViewController.swift */,
				23CB74BB2816DB5800DED822 /* ChatRoomViewController.swift */,
				23A84A772812E63800DD8D39 /* JoinViewController.swift */,
			);
			path = Group;
			sourceTree = "<group>";
		};
		23D1B722280033FB000EDA70 = {
			isa = PBXGroup;
			children = (
				23D1B7F7280561D3000EDA70 /* Third Party Wrapper */,
				23D1B72D280033FB000EDA70 /* RideTogether */,
				23D1B72C280033FB000EDA70 /* Products */,
				B8861B4BB71FEA4F16110C05 /* Pods */,
				280213B7E321F791376F648A /* Frameworks */,
			);
			sourceTree = "<group>";
		};
		23D1B72C280033FB000EDA70 /* Products */ = {
			isa = PBXGroup;
			children = (
				23D1B72B280033FB000EDA70 /* RideTogether.app */,
			);
			name = Products;
			sourceTree = "<group>";
		};
		23D1B72D280033FB000EDA70 /* RideTogether */ = {
			isa = PBXGroup;
			children = (
				23CB74CB2817897000DED822 /* RideTogetherDebug.entitlements */,
				23D1B73C280033FC000EDA70 /* Info.plist */,
				231BCB60280739AD00DE2343 /* Taipei1.plist */,
				23CE42A3280E588D00C4C9F1 /* GoogleService-Info.plist */,
				2383878F28104D3700E9F4F4 /* 49908-bike-ride.json */,
				23A84A712811673100DD8D39 /* 95671-wave-animation.json */,
				2383879128104D3D00E9F4F4 /* 49908-bike-ride.gif */,
				23CE42A0280E571700C4C9F1 /* Resource */,
				23D1B7842800632F000EDA70 /* Manager */,
				23D1B76D28006187000EDA70 /* Extension */,
				23D1B74A28005CF1000EDA70 /* ViewController */,
				23D1B767280060E0000EDA70 /* View */,
				23D1B74B28005D9B000EDA70 /* Model */,
			);
			path = RideTogether;
			sourceTree = "<group>";
		};
		23D1B74A28005CF1000EDA70 /* ViewController */ = {
			isa = PBXGroup;
			children = (
				23D1B74828005C16000EDA70 /* BaseViewController.swift */,
				23CB74C52817803300DED822 /* TabBarController.swift */,
				237A27A8281A6948004F039F /* Login */,
				23CE42BE280FB74700C4C9F1 /* Group */,
				231BCB6B2808593E00DE2343 /* Home */,
				23D1B7E12803C21E000EDA70 /* Profile */,
				23D1B7912800B08D000EDA70 /* Journey */,
			);
			path = ViewController;
			sourceTree = "<group>";
		};
		23D1B74B28005D9B000EDA70 /* Model */ = {
			isa = PBXGroup;
			children = (
				231BCB3D28069EDF00DE2343 /* OpenGpxTracker.xcdatamodeld */,
				23D1B78B28006663000EDA70 /* Constant.swift */,
				231BCB5028070BF500DE2343 /* Taiwan.swift */,
				231BCB5228070C0200DE2343 /* TaiwanMapOverlay.swift */,
				23CB74B82816C7FE00DED822 /* Group */,
				231BCB6A280858D700DE2343 /* Home */,
				23D1B74E28005DE1000EDA70 /* GPX */,
				231BCB69280858C800DE2343 /* Profile */,
			);
			path = Model;
			sourceTree = "<group>";
		};
		23D1B74E28005DE1000EDA70 /* GPX */ = {
			isa = PBXGroup;
			children = (
				23D1B74F28005E16000EDA70 /* GPXSession.swift */,
				23D1B75128005F2D000EDA70 /* GPXFileInfo.swift */,
				23D1B75328005F45000EDA70 /* GPXExtentCoordinates.swift */,
				23D1B75528005F62000EDA70 /* GPXRoot+length.swift */,
				23D1B75F28006009000EDA70 /* GPXTrackSegment+MapKit.swift */,
				23D1B7612800601C000EDA70 /* GPXWaypoint+MKAnnotation.swift */,
				23D1B75728005F8C000EDA70 /* GPXTrackPoint+MapKit.swift */,
				23D1B75928005FB0000EDA70 /* GPXTrack+length.swift */,
				23D1B75B28005FC9000EDA70 /* StopWatch.swift */,
				23D1B75D28005FE1000EDA70 /* StopWatchDelegate.swift */,
				23D1B80F2805D29E000EDA70 /* Date+Time.swift */,
				231BCB402806A37B00DE2343 /* CoredataHelper.swift */,
				231BCB422806A56B00DE2343 /* CoreDataHelper+FetchRequests.swift */,
			);
			path = GPX;
			sourceTree = "<group>";
		};
		23D1B767280060E0000EDA70 /* View */ = {
			isa = PBXGroup;
			children = (
				23D1B739280033FC000EDA70 /* LaunchScreen.storyboard */,
				23D1B734280033FB000EDA70 /* Main.storyboard */,
				23CB74C9281787B400DED822 /* Login.storyboard */,
				23D1B737280033FC000EDA70 /* Assets.xcassets */,
				23C887192814285A00E3319A /* Home */,
				23A84A682811570600DD8D39 /* Group */,
				23CE42A5280E5F0A00C4C9F1 /* ReuseButton */,
				23D1B76A28006116000EDA70 /* Journey */,
				23D1B7E828042C88000EDA70 /* Profile */,
			);
			path = View;
			sourceTree = "<group>";
		};
		23D1B76A28006116000EDA70 /* Journey */ = {
			isa = PBXGroup;
			children = (
				23A84A7A2812EFFE00DD8D39 /* DirectionsViewController.xib */,
				23A84A792812EFFE00DD8D39 /* RouteSelectionViewController.xib */,
				23D1B78F2800AD0C000EDA70 /* Journey.storyboard */,
				23D1B74428004768000EDA70 /* GPXMapView.swift */,
				23D1B768280060EC000EDA70 /* DistanceLabel.swift */,
			);
			path = Journey;
			sourceTree = "<group>";
		};
		23D1B76D28006187000EDA70 /* Extension */ = {
			isa = PBXGroup;
			children = (
				23D1B76E280061A6000EDA70 /* UIScreen+Extension.swift */,
				23CB74C72817824000DED822 /* UIStorybroad.swift */,
				23D1B772280061D5000EDA70 /* Double+Measures.swift */,
				23D1B774280061F2000EDA70 /* UIButtonExtension.swift */,
				23CE42B4280EED4F00C4C9F1 /* UIImage+Additions.swift */,
				23D1B77628006212000EDA70 /* UIFontExtension.swift */,
				23D1B77828006229000EDA70 /* UIViewExtension.swift */,
				23CE42B6280EED7D00C4C9F1 /* UITextField+Additions.swift */,
				23D1B77A28006243000EDA70 /* UIColor+Extension.swift */,
				23D1B77C28006259000EDA70 /* TimeFormater.swift */,
				23D1B7ED2804347B000EDA70 /* UITableView.swift */,
				23CE42B0280EEBF600C4C9F1 /* CLPlacemark+Additions.swift */,
				23CE42B2280EEC0D00C4C9F1 /* TimeInterval+Additions.swift */,
				23C887282815A18E00E3319A /* UICollectionView.swift */,
				237A27A628199F2A004F039F /* UIImageView.swift */,
			);
			path = Extension;
			sourceTree = "<group>";
		};
		23D1B7842800632F000EDA70 /* Manager */ = {
			isa = PBXGroup;
			children = (
				23D1B78528006346000EDA70 /* GPXFileManager.swift */,
				23D1B7872800637A000EDA70 /* RecordManager.swift */,
				231BCB3828067DBD00DE2343 /* MapsManager.swift */,
				23CE42AA280E952300C4C9F1 /* RouteBuilder.swift */,
				23D1B78928006396000EDA70 /* UserManager.swift */,
				23838789280FCBFF00E9F4F4 /* GroupManager.swift */,
				23C8871E281444B100E3319A /* WeatherManager.swift */,
			);
			path = Manager;
			sourceTree = "<group>";
		};
		23D1B7912800B08D000EDA70 /* Journey */ = {
			isa = PBXGroup;
			children = (
				23D1B74228004694000EDA70 /* JourneyViewController.swift */,
				23D1B80D2805C2E8000EDA70 /* GPXFilesTableViewController.swift */,
				23A84A7B2812EFFE00DD8D39 /* RouteSelectionViewController.swift */,
				23A84A7C2812EFFE00DD8D39 /* DirectionsViewController.swift */,
			);
			path = Journey;
			sourceTree = "<group>";
		};
		23D1B7E12803C21E000EDA70 /* Profile */ = {
			isa = PBXGroup;
			children = (
				23D1B7922800B0B2000EDA70 /* ProfileViewController.swift */,
				23D1B7E228041F67000EDA70 /* TracksViewController.swift */,
				23D1B7E428042027000EDA70 /* TrackDetailsViewController.swift */,
				231BCB2F280671DE00DE2343 /* RecommendViewController.swift */,
				2304FF4B280895F200C6B1BF /* FollowJourneyViewController.swift */,
				231BCB36280678E700DE2343 /* RecommendDetailViewController.swift */,
			);
			path = Profile;
			sourceTree = "<group>";
		};
		23D1B7E828042C88000EDA70 /* Profile */ = {
			isa = PBXGroup;
			children = (
				23D1B7942800B0FD000EDA70 /* Profile.storyboard */,
				237A27A228182FE4004F039F /* ProfileView.swift */,
				23D1B7E928042CA6000EDA70 /* ProfileTableViewCell.swift */,
				23D1B7EA28042CA6000EDA70 /* ProfileTableViewCell.xib */,
				231BCB352806724F00DE2343 /* RecommendMap */,
				23D1B7EF28045A42000EDA70 /* Track */,
			);
			path = Profile;
			sourceTree = "<group>";
		};
		23D1B7EF28045A42000EDA70 /* Track */ = {
			isa = PBXGroup;
			children = (
				23D1B7F028045A72000EDA70 /* TrackTableViewCell.swift */,
				23D1B7F128045A72000EDA70 /* TrackTableViewCell.xib */,
				2314F20D280AFC6500425F8A /* RecordInfo.swift */,
			);
			path = Track;
			sourceTree = "<group>";
		};
		23D1B7F7280561D3000EDA70 /* Third Party Wrapper */ = {
			isa = PBXGroup;
			children = (
				23D1B7F8280561D3000EDA70 /* MJRefresher.swift */,
			);
			path = "Third Party Wrapper";
			sourceTree = "<group>";
		};
		280213B7E321F791376F648A /* Frameworks */ = {
			isa = PBXGroup;
			children = (
				E9F682B0A583FE5FB7AEF0F4 /* Pods_RideTogether.framework */,
			);
			name = Frameworks;
			sourceTree = "<group>";
		};
		B8861B4BB71FEA4F16110C05 /* Pods */ = {
			isa = PBXGroup;
			children = (
				6A3ECC32346DF4249FA59FEE /* Pods-RideTogether.debug.xcconfig */,
				406981E8BFCC5EF341A4ADB0 /* Pods-RideTogether.release.xcconfig */,
			);
			path = Pods;
			sourceTree = "<group>";
		};
/* End PBXGroup section */

/* Begin PBXNativeTarget section */
		23D1B72A280033FB000EDA70 /* RideTogether */ = {
			isa = PBXNativeTarget;
			buildConfigurationList = 23D1B73F280033FC000EDA70 /* Build configuration list for PBXNativeTarget "RideTogether" */;
			buildPhases = (
				F574E762906D9DDDD3A80B66 /* [CP] Check Pods Manifest.lock */,
				23D1B727280033FB000EDA70 /* Sources */,
				23D1B728280033FB000EDA70 /* Frameworks */,
				23D1B729280033FB000EDA70 /* Resources */,
				A6E48172F7B9260A6AED8326 /* [CP] Embed Pods Frameworks */,
				23D1B79D280195E3000EDA70 /* swift lint */,
			);
			buildRules = (
			);
			dependencies = (
			);
			name = RideTogether;
			productName = RideTogether;
			productReference = 23D1B72B280033FB000EDA70 /* RideTogether.app */;
			productType = "com.apple.product-type.application";
		};
/* End PBXNativeTarget section */

/* Begin PBXProject section */
		23D1B723280033FB000EDA70 /* Project object */ = {
			isa = PBXProject;
			attributes = {
				BuildIndependentTargetsInParallel = 1;
				LastSwiftUpdateCheck = 1320;
				LastUpgradeCheck = 1320;
				TargetAttributes = {
					23D1B72A280033FB000EDA70 = {
						CreatedOnToolsVersion = 13.2.1;
					};
				};
			};
			buildConfigurationList = 23D1B726280033FB000EDA70 /* Build configuration list for PBXProject "RideTogether" */;
			compatibilityVersion = "Xcode 13.0";
			developmentRegion = en;
			hasScannedForEncodings = 0;
			knownRegions = (
				en,
				Base,
			);
			mainGroup = 23D1B722280033FB000EDA70;
			productRefGroup = 23D1B72C280033FB000EDA70 /* Products */;
			projectDirPath = "";
			projectRoot = "";
			targets = (
				23D1B72A280033FB000EDA70 /* RideTogether */,
			);
		};
/* End PBXProject section */

/* Begin PBXResourcesBuildPhase section */
		23D1B729280033FB000EDA70 /* Resources */ = {
			isa = PBXResourcesBuildPhase;
			buildActionMask = 2147483647;
			files = (
				23A84A702811584C00DD8D39 /* GroupHeaderCell.xib in Resources */,
				23D1B7952800B0FD000EDA70 /* Profile.storyboard in Resources */,
				23D1B73B280033FC000EDA70 /* LaunchScreen.storyboard in Resources */,
				231BCB342806724A00DE2343 /* RecommendTableViewCell.xib in Resources */,
				23C8872328149ECC00E3319A /* Routes.xib in Resources */,
				2383879028104D3800E9F4F4 /* 49908-bike-ride.json in Resources */,
				23A84A7E2812EFFE00DD8D39 /* DirectionsViewController.xib in Resources */,
				2383879228104D3D00E9F4F4 /* 49908-bike-ride.gif in Resources */,
				23CB74CA281787B400DED822 /* Login.storyboard in Resources */,
				23A84A8E2813FA9B00DD8D39 /* RouteTypes.xib in Resources */,
				23A84A7D2812EFFE00DD8D39 /* RouteSelectionViewController.xib in Resources */,
				231BCB6628084B3500DE2343 /* Home.storyboard in Resources */,
				23D1B738280033FC000EDA70 /* Assets.xcassets in Resources */,
				23CE42A4280E588D00C4C9F1 /* GoogleService-Info.plist in Resources */,
				237A27AC281AEC82004F039F /* Member.xib in Resources */,
				23CB74B728169B9A00DED822 /* RequestTableViewCell.xib in Resources */,
				23D1B7EC28042CA6000EDA70 /* ProfileTableViewCell.xib in Resources */,
				23A84A722811673100DD8D39 /* 95671-wave-animation.json in Resources */,
				23D1B7902800AD0C000EDA70 /* Journey.storyboard in Resources */,
				23D1B736280033FB000EDA70 /* Main.storyboard in Resources */,
				23C8872D2815A7F400E3319A /* RoutesTableViewCell.xib in Resources */,
				23D1B80A2805BED3000EDA70 /* Group.storyboard in Resources */,
				231BCB61280739AD00DE2343 /* Taipei1.plist in Resources */,
				23A84A762811AE2300DD8D39 /* GroupInfo.xib in Resources */,
				23D1B7F328045A72000EDA70 /* TrackTableViewCell.xib in Resources */,
			);
			runOnlyForDeploymentPostprocessing = 0;
		};
/* End PBXResourcesBuildPhase section */

/* Begin PBXShellScriptBuildPhase section */
		23D1B79D280195E3000EDA70 /* swift lint */ = {
			isa = PBXShellScriptBuildPhase;
			buildActionMask = 2147483647;
			files = (
			);
			inputFileListPaths = (
			);
			inputPaths = (
			);
			name = "swift lint";
			outputFileListPaths = (
			);
			outputPaths = (
			);
			runOnlyForDeploymentPostprocessing = 0;
			shellPath = /bin/sh;
			shellScript = "\"${PODS_ROOT}/SwiftLint/swiftlint\"\n";
		};
		A6E48172F7B9260A6AED8326 /* [CP] Embed Pods Frameworks */ = {
			isa = PBXShellScriptBuildPhase;
			buildActionMask = 2147483647;
			files = (
			);
			inputFileListPaths = (
				"${PODS_ROOT}/Target Support Files/Pods-RideTogether/Pods-RideTogether-frameworks-${CONFIGURATION}-input-files.xcfilelist",
			);
			name = "[CP] Embed Pods Frameworks";
			outputFileListPaths = (
				"${PODS_ROOT}/Target Support Files/Pods-RideTogether/Pods-RideTogether-frameworks-${CONFIGURATION}-output-files.xcfilelist",
			);
			runOnlyForDeploymentPostprocessing = 0;
			shellPath = /bin/sh;
			shellScript = "\"${PODS_ROOT}/Target Support Files/Pods-RideTogether/Pods-RideTogether-frameworks.sh\"\n";
			showEnvVarsInLog = 0;
		};
		F574E762906D9DDDD3A80B66 /* [CP] Check Pods Manifest.lock */ = {
			isa = PBXShellScriptBuildPhase;
			buildActionMask = 2147483647;
			files = (
			);
			inputFileListPaths = (
			);
			inputPaths = (
				"${PODS_PODFILE_DIR_PATH}/Podfile.lock",
				"${PODS_ROOT}/Manifest.lock",
			);
			name = "[CP] Check Pods Manifest.lock";
			outputFileListPaths = (
			);
			outputPaths = (
				"$(DERIVED_FILE_DIR)/Pods-RideTogether-checkManifestLockResult.txt",
			);
			runOnlyForDeploymentPostprocessing = 0;
			shellPath = /bin/sh;
			shellScript = "diff \"${PODS_PODFILE_DIR_PATH}/Podfile.lock\" \"${PODS_ROOT}/Manifest.lock\" > /dev/null\nif [ $? != 0 ] ; then\n    # print error to STDERR\n    echo \"error: The sandbox is not in sync with the Podfile.lock. Run 'pod install' or update your CocoaPods installation.\" >&2\n    exit 1\nfi\n# This output is used by Xcode 'outputs' to avoid re-running this script phase.\necho \"SUCCESS\" > \"${SCRIPT_OUTPUT_FILE_0}\"\n";
			showEnvVarsInLog = 0;
		};
/* End PBXShellScriptBuildPhase section */

/* Begin PBXSourcesBuildPhase section */
		23D1B727280033FB000EDA70 /* Sources */ = {
			isa = PBXSourcesBuildPhase;
			buildActionMask = 2147483647;
			files = (
				23D1B75C28005FC9000EDA70 /* StopWatch.swift in Sources */,
				23D1B7622800601C000EDA70 /* GPXWaypoint+MKAnnotation.swift in Sources */,
				231BCB412806A37B00DE2343 /* CoredataHelper.swift in Sources */,
				23D1B766280060A6000EDA70 /* Record.swift in Sources */,
				23D1B773280061D5000EDA70 /* Double+Measures.swift in Sources */,
				23CE42B3280EEC0D00C4C9F1 /* TimeInterval+Additions.swift in Sources */,
				237A279D28181A60004F039F /* SignUpViewController.swift in Sources */,
				23FC48A02809B46400EAD314 /* Route.swift in Sources */,
				23D1B76028006009000EDA70 /* GPXTrackSegment+MapKit.swift in Sources */,
				23D1B75028005E16000EDA70 /* GPXSession.swift in Sources */,
				23A84A7F2812EFFE00DD8D39 /* RouteSelectionViewController.swift in Sources */,
				237A279B2817ED2C004F039F /* PickPhotoButton.swift in Sources */,
				2383878A280FCBFF00E9F4F4 /* GroupManager.swift in Sources */,
				23CB74BA2816C81E00DED822 /* GroupStatus.swift in Sources */,
				231BCB30280671DE00DE2343 /* RecommendViewController.swift in Sources */,
				23D1B7932800B0B2000EDA70 /* ProfileViewController.swift in Sources */,
				23CB74BC2816DB5800DED822 /* ChatRoomViewController.swift in Sources */,
				23CE42B5280EED4F00C4C9F1 /* UIImage+Additions.swift in Sources */,
				23A84A782812E63900DD8D39 /* JoinViewController.swift in Sources */,
				237A27AB281AEC82004F039F /* Member.swift in Sources */,
				23CE42A7280E7D6C00C4C9F1 /* DrawRoute.swift in Sources */,
				23A84A802812EFFE00DD8D39 /* DirectionsViewController.swift in Sources */,
				23A84A752811AE2300DD8D39 /* GroupInfo.swift in Sources */,
				23C8871B28142BC400E3319A /* RoutesType.swift in Sources */,
				23D1B77D28006259000EDA70 /* TimeFormater.swift in Sources */,
				23A84A8D2813FA9B00DD8D39 /* RouteTypes.swift in Sources */,
				231BCB6828084B9E00DE2343 /* HomeViewController.swift in Sources */,
				23A84A6F2811584C00DD8D39 /* GroupHeaderCell.swift in Sources */,
				23D1B775280061F2000EDA70 /* UIButtonExtension.swift in Sources */,
				23CE42A9280E7DCC00C4C9F1 /* RouteAnnotation.swift in Sources */,
				231BCB2E28066C3B00DE2343 /* ShareMap.swift in Sources */,
				237A27A728199F2A004F039F /* UIImageView.swift in Sources */,
				23D1B76428006092000EDA70 /* UserInfo.swift in Sources */,
				2383878C280FCD9000E9F4F4 /* Group.swift in Sources */,
				231BCB5328070C0200DE2343 /* TaiwanMapOverlay.swift in Sources */,
				23D1B7EB28042CA6000EDA70 /* ProfileTableViewCell.swift in Sources */,
				23D1B75828005F8C000EDA70 /* GPXTrackPoint+MapKit.swift in Sources */,
				23D1B7E7280428B3000EDA70 /* ProfileItem.swift in Sources */,
				23FC48A4280AB8C200EAD314 /* TrackInfo.swift in Sources */,
				231BCB332806724A00DE2343 /* RecommendTableViewCell.swift in Sources */,
				231BCB432806A56B00DE2343 /* CoreDataHelper+FetchRequests.swift in Sources */,
				23D1B77728006212000EDA70 /* UIFontExtension.swift in Sources */,
				23D1B80E2805C2E8000EDA70 /* GPXFilesTableViewController.swift in Sources */,
				23D1B74328004694000EDA70 /* JourneyViewController.swift in Sources */,
				23C8871D281435EC00E3319A /* RouteViewController.swift in Sources */,
				23CE42B7280EED7D00C4C9F1 /* UITextField+Additions.swift in Sources */,
				23D1B769280060EC000EDA70 /* DistanceLabel.swift in Sources */,
				231BCB5128070BF500DE2343 /* Taiwan.swift in Sources */,
				23D1B72F280033FB000EDA70 /* AppDelegate.swift in Sources */,
				23C887252815329800E3319A /* Request.swift in Sources */,
				23CE42B1280EEBF600C4C9F1 /* CLPlacemark+Additions.swift in Sources */,
				23C8872C2815A7F400E3319A /* RoutesTableViewCell.swift in Sources */,
				23D1B75A28005FB0000EDA70 /* GPXTrack+length.swift in Sources */,
				23D1B7E528042027000EDA70 /* TrackDetailsViewController.swift in Sources */,
				23CB74C62817803300DED822 /* TabBarController.swift in Sources */,
				231BCB37280678E700DE2343 /* RecommendDetailViewController.swift in Sources */,
				2314F20E280AFC6500425F8A /* RecordInfo.swift in Sources */,
				23D1B74528004768000EDA70 /* GPXMapView.swift in Sources */,
				23CB74C82817824000DED822 /* UIStorybroad.swift in Sources */,
				23CE42BD280FB2E600C4C9F1 /* GroupViewController.swift in Sources */,
				23D1B7E328041F68000EDA70 /* TracksViewController.swift in Sources */,
				23D1B75628005F62000EDA70 /* GPXRoot+length.swift in Sources */,
				23D1B7882800637A000EDA70 /* RecordManager.swift in Sources */,
				23CE42AB280E952300C4C9F1 /* RouteBuilder.swift in Sources */,
				23CE42C0280FB77400C4C9F1 /* CreateGroupButton.swift in Sources */,
				23D1B78C28006663000EDA70 /* Constant.swift in Sources */,
				23D1B731280033FB000EDA70 /* SceneDelegate.swift in Sources */,
				23C887292815A18F00E3319A /* UICollectionView.swift in Sources */,
				23C8872228149ECC00E3319A /* Routes.swift in Sources */,
				2383878E280FE1F300E9F4F4 /* CreateGroupViewController.swift in Sources */,
				23CB74B628169B9A00DED822 /* RequestTableViewCell.swift in Sources */,
				23D1B75E28005FE1000EDA70 /* StopWatchDelegate.swift in Sources */,
				23D1B783280062E9000EDA70 /* MapViewDelegate.swift in Sources */,
				2304FF502808AED200C6B1BF /* OffLineMapButton.swift in Sources */,
				23D1B78628006346000EDA70 /* GPXFileManager.swift in Sources */,
				23D1B7EE2804347C000EDA70 /* UITableView.swift in Sources */,
				2304FF4A280891AF00C6B1BF /* NextPageButton.swift in Sources */,
				23C8871F281444B100E3319A /* WeatherManager.swift in Sources */,
				23D1B8102805D29E000EDA70 /* Date+Time.swift in Sources */,
				23D1B78A28006396000EDA70 /* UserManager.swift in Sources */,
				23D1B7F228045A72000EDA70 /* TrackTableViewCell.swift in Sources */,
				23C887272815450500E3319A /* RouteRideViewController.swift in Sources */,
				23CB74C028177CAC00DED822 /* LoginViewController.swift in Sources */,
				231BCB3F28069EDF00DE2343 /* OpenGpxTracker.xcdatamodeld in Sources */,
				231BCB3928067DBD00DE2343 /* MapsManager.swift in Sources */,
				23D1B74928005C16000EDA70 /* BaseViewController.swift in Sources */,
				23D1B77928006229000EDA70 /* UIViewExtension.swift in Sources */,
				2314F213280B5AE500425F8A /* SendSMSbutton.swift in Sources */,
				2304FF4C280895F200C6B1BF /* FollowJourneyViewController.swift in Sources */,
				23D1B76C28006127000EDA70 /* PreviousPageButton.swift in Sources */,
				23D1B75428005F45000EDA70 /* GPXExtentCoordinates.swift in Sources */,
				23D1B77B28006243000EDA70 /* UIColor+Extension.swift in Sources */,
				237A27A328182FE4004F039F /* ProfileView.swift in Sources */,
				23D1B75228005F2D000EDA70 /* GPXFileInfo.swift in Sources */,
				23D1B76F280061A6000EDA70 /* UIScreen+Extension.swift in Sources */,
			);
			runOnlyForDeploymentPostprocessing = 0;
		};
/* End PBXSourcesBuildPhase section */

/* Begin PBXVariantGroup section */
		23D1B734280033FB000EDA70 /* Main.storyboard */ = {
			isa = PBXVariantGroup;
			children = (
				23D1B735280033FB000EDA70 /* Base */,
			);
			name = Main.storyboard;
			sourceTree = "<group>";
		};
		23D1B739280033FC000EDA70 /* LaunchScreen.storyboard */ = {
			isa = PBXVariantGroup;
			children = (
				23D1B73A280033FC000EDA70 /* Base */,
			);
			name = LaunchScreen.storyboard;
			sourceTree = "<group>";
		};
/* End PBXVariantGroup section */

/* Begin XCBuildConfiguration section */
		23D1B73D280033FC000EDA70 /* Debug */ = {
			isa = XCBuildConfiguration;
			buildSettings = {
				ALWAYS_SEARCH_USER_PATHS = NO;
				CLANG_ANALYZER_NONNULL = YES;
				CLANG_ANALYZER_NUMBER_OBJECT_CONVERSION = YES_AGGRESSIVE;
				CLANG_CXX_LANGUAGE_STANDARD = "gnu++17";
				CLANG_CXX_LIBRARY = "libc++";
				CLANG_ENABLE_MODULES = YES;
				CLANG_ENABLE_OBJC_ARC = YES;
				CLANG_ENABLE_OBJC_WEAK = YES;
				CLANG_WARN_BLOCK_CAPTURE_AUTORELEASING = YES;
				CLANG_WARN_BOOL_CONVERSION = YES;
				CLANG_WARN_COMMA = YES;
				CLANG_WARN_CONSTANT_CONVERSION = YES;
				CLANG_WARN_DEPRECATED_OBJC_IMPLEMENTATIONS = YES;
				CLANG_WARN_DIRECT_OBJC_ISA_USAGE = YES_ERROR;
				CLANG_WARN_DOCUMENTATION_COMMENTS = YES;
				CLANG_WARN_EMPTY_BODY = YES;
				CLANG_WARN_ENUM_CONVERSION = YES;
				CLANG_WARN_INFINITE_RECURSION = YES;
				CLANG_WARN_INT_CONVERSION = YES;
				CLANG_WARN_NON_LITERAL_NULL_CONVERSION = YES;
				CLANG_WARN_OBJC_IMPLICIT_RETAIN_SELF = YES;
				CLANG_WARN_OBJC_LITERAL_CONVERSION = YES;
				CLANG_WARN_OBJC_ROOT_CLASS = YES_ERROR;
				CLANG_WARN_QUOTED_INCLUDE_IN_FRAMEWORK_HEADER = YES;
				CLANG_WARN_RANGE_LOOP_ANALYSIS = YES;
				CLANG_WARN_STRICT_PROTOTYPES = YES;
				CLANG_WARN_SUSPICIOUS_MOVE = YES;
				CLANG_WARN_UNGUARDED_AVAILABILITY = YES_AGGRESSIVE;
				CLANG_WARN_UNREACHABLE_CODE = YES;
				CLANG_WARN__DUPLICATE_METHOD_MATCH = YES;
				COPY_PHASE_STRIP = NO;
				DEBUG_INFORMATION_FORMAT = dwarf;
				ENABLE_STRICT_OBJC_MSGSEND = YES;
				ENABLE_TESTABILITY = YES;
				"EXCLUDED_ARCHS[sdk=iphonesimulator*]" = arm64;
				GCC_C_LANGUAGE_STANDARD = gnu11;
				GCC_DYNAMIC_NO_PIC = NO;
				GCC_NO_COMMON_BLOCKS = YES;
				GCC_OPTIMIZATION_LEVEL = 0;
				GCC_PREPROCESSOR_DEFINITIONS = (
					"DEBUG=1",
					"$(inherited)",
				);
				GCC_WARN_64_TO_32_BIT_CONVERSION = YES;
				GCC_WARN_ABOUT_RETURN_TYPE = YES_ERROR;
				GCC_WARN_UNDECLARED_SELECTOR = YES;
				GCC_WARN_UNINITIALIZED_AUTOS = YES_AGGRESSIVE;
				GCC_WARN_UNUSED_FUNCTION = YES;
				GCC_WARN_UNUSED_VARIABLE = YES;
				IPHONEOS_DEPLOYMENT_TARGET = 15.2;
				MTL_ENABLE_DEBUG_INFO = INCLUDE_SOURCE;
				MTL_FAST_MATH = YES;
				ONLY_ACTIVE_ARCH = YES;
				SDKROOT = iphoneos;
				SWIFT_ACTIVE_COMPILATION_CONDITIONS = DEBUG;
				SWIFT_OPTIMIZATION_LEVEL = "-Onone";
			};
			name = Debug;
		};
		23D1B73E280033FC000EDA70 /* Release */ = {
			isa = XCBuildConfiguration;
			buildSettings = {
				ALWAYS_SEARCH_USER_PATHS = NO;
				CLANG_ANALYZER_NONNULL = YES;
				CLANG_ANALYZER_NUMBER_OBJECT_CONVERSION = YES_AGGRESSIVE;
				CLANG_CXX_LANGUAGE_STANDARD = "gnu++17";
				CLANG_CXX_LIBRARY = "libc++";
				CLANG_ENABLE_MODULES = YES;
				CLANG_ENABLE_OBJC_ARC = YES;
				CLANG_ENABLE_OBJC_WEAK = YES;
				CLANG_WARN_BLOCK_CAPTURE_AUTORELEASING = YES;
				CLANG_WARN_BOOL_CONVERSION = YES;
				CLANG_WARN_COMMA = YES;
				CLANG_WARN_CONSTANT_CONVERSION = YES;
				CLANG_WARN_DEPRECATED_OBJC_IMPLEMENTATIONS = YES;
				CLANG_WARN_DIRECT_OBJC_ISA_USAGE = YES_ERROR;
				CLANG_WARN_DOCUMENTATION_COMMENTS = YES;
				CLANG_WARN_EMPTY_BODY = YES;
				CLANG_WARN_ENUM_CONVERSION = YES;
				CLANG_WARN_INFINITE_RECURSION = YES;
				CLANG_WARN_INT_CONVERSION = YES;
				CLANG_WARN_NON_LITERAL_NULL_CONVERSION = YES;
				CLANG_WARN_OBJC_IMPLICIT_RETAIN_SELF = YES;
				CLANG_WARN_OBJC_LITERAL_CONVERSION = YES;
				CLANG_WARN_OBJC_ROOT_CLASS = YES_ERROR;
				CLANG_WARN_QUOTED_INCLUDE_IN_FRAMEWORK_HEADER = YES;
				CLANG_WARN_RANGE_LOOP_ANALYSIS = YES;
				CLANG_WARN_STRICT_PROTOTYPES = YES;
				CLANG_WARN_SUSPICIOUS_MOVE = YES;
				CLANG_WARN_UNGUARDED_AVAILABILITY = YES_AGGRESSIVE;
				CLANG_WARN_UNREACHABLE_CODE = YES;
				CLANG_WARN__DUPLICATE_METHOD_MATCH = YES;
				COPY_PHASE_STRIP = NO;
				DEBUG_INFORMATION_FORMAT = "dwarf-with-dsym";
				ENABLE_NS_ASSERTIONS = NO;
				ENABLE_STRICT_OBJC_MSGSEND = YES;
				GCC_C_LANGUAGE_STANDARD = gnu11;
				GCC_NO_COMMON_BLOCKS = YES;
				GCC_WARN_64_TO_32_BIT_CONVERSION = YES;
				GCC_WARN_ABOUT_RETURN_TYPE = YES_ERROR;
				GCC_WARN_UNDECLARED_SELECTOR = YES;
				GCC_WARN_UNINITIALIZED_AUTOS = YES_AGGRESSIVE;
				GCC_WARN_UNUSED_FUNCTION = YES;
				GCC_WARN_UNUSED_VARIABLE = YES;
				IPHONEOS_DEPLOYMENT_TARGET = 15.2;
				MTL_ENABLE_DEBUG_INFO = NO;
				MTL_FAST_MATH = YES;
				SDKROOT = iphoneos;
				SWIFT_COMPILATION_MODE = wholemodule;
				SWIFT_OPTIMIZATION_LEVEL = "-O";
				VALIDATE_PRODUCT = YES;
			};
			name = Release;
		};
		23D1B740280033FC000EDA70 /* Debug */ = {
			isa = XCBuildConfiguration;
			baseConfigurationReference = 6A3ECC32346DF4249FA59FEE /* Pods-RideTogether.debug.xcconfig */;
			buildSettings = {
				ASSETCATALOG_COMPILER_APPICON_NAME = AppIcon;
				ASSETCATALOG_COMPILER_GLOBAL_ACCENT_COLOR_NAME = AccentColor;
				CODE_SIGN_ENTITLEMENTS = RideTogether/RideTogetherDebug.entitlements;
				CODE_SIGN_STYLE = Automatic;
				CURRENT_PROJECT_VERSION = 1;
				DEVELOPMENT_TEAM = 5BP43NW7P4;
				GENERATE_INFOPLIST_FILE = YES;
				INFOPLIST_FILE = RideTogether/Info.plist;
				INFOPLIST_KEY_NSCameraUsageDescription = "上傳照片";
				INFOPLIST_KEY_NSLocationAlwaysAndWhenInUseUsageDescription = "";
				INFOPLIST_KEY_NSLocationWhenInUseUsageDescription = "";
				INFOPLIST_KEY_NSPhotoLibraryUsageDescription = "上傳照片";
				INFOPLIST_KEY_UIApplicationSupportsIndirectInputEvents = YES;
				INFOPLIST_KEY_UILaunchStoryboardName = LaunchScreen;
				INFOPLIST_KEY_UIMainStoryboardFile = Main;
				INFOPLIST_KEY_UISupportedInterfaceOrientations_iPad = "UIInterfaceOrientationPortrait UIInterfaceOrientationPortraitUpsideDown UIInterfaceOrientationLandscapeLeft UIInterfaceOrientationLandscapeRight";
				INFOPLIST_KEY_UISupportedInterfaceOrientations_iPhone = "UIInterfaceOrientationPortrait UIInterfaceOrientationLandscapeLeft UIInterfaceOrientationLandscapeRight";
				LD_RUNPATH_SEARCH_PATHS = (
					"$(inherited)",
					"@executable_path/Frameworks",
				);
				MARKETING_VERSION = 1.0;
				PRODUCT_BUNDLE_IDENTIFIER = com.KaiFu.RideTogether;
				PRODUCT_NAME = "$(TARGET_NAME)";
				SWIFT_EMIT_LOC_STRINGS = YES;
				SWIFT_VERSION = 5.0;
				TARGETED_DEVICE_FAMILY = "1,2";
			};
			name = Debug;
		};
		23D1B741280033FC000EDA70 /* Release */ = {
			isa = XCBuildConfiguration;
			baseConfigurationReference = 406981E8BFCC5EF341A4ADB0 /* Pods-RideTogether.release.xcconfig */;
			buildSettings = {
				ASSETCATALOG_COMPILER_APPICON_NAME = AppIcon;
				ASSETCATALOG_COMPILER_GLOBAL_ACCENT_COLOR_NAME = AccentColor;
				CODE_SIGN_STYLE = Automatic;
				CURRENT_PROJECT_VERSION = 1;
				DEVELOPMENT_TEAM = 5BP43NW7P4;
				GENERATE_INFOPLIST_FILE = YES;
				INFOPLIST_FILE = RideTogether/Info.plist;
				INFOPLIST_KEY_NSCameraUsageDescription = "上傳照片";
				INFOPLIST_KEY_NSLocationAlwaysAndWhenInUseUsageDescription = "";
				INFOPLIST_KEY_NSLocationWhenInUseUsageDescription = "";
				INFOPLIST_KEY_NSPhotoLibraryUsageDescription = "上傳照片";
				INFOPLIST_KEY_UIApplicationSupportsIndirectInputEvents = YES;
				INFOPLIST_KEY_UILaunchStoryboardName = LaunchScreen;
				INFOPLIST_KEY_UIMainStoryboardFile = Main;
				INFOPLIST_KEY_UISupportedInterfaceOrientations_iPad = "UIInterfaceOrientationPortrait UIInterfaceOrientationPortraitUpsideDown UIInterfaceOrientationLandscapeLeft UIInterfaceOrientationLandscapeRight";
				INFOPLIST_KEY_UISupportedInterfaceOrientations_iPhone = "UIInterfaceOrientationPortrait UIInterfaceOrientationLandscapeLeft UIInterfaceOrientationLandscapeRight";
				LD_RUNPATH_SEARCH_PATHS = (
					"$(inherited)",
					"@executable_path/Frameworks",
				);
				MARKETING_VERSION = 1.0;
				PRODUCT_BUNDLE_IDENTIFIER = com.KaiFu.RideTogether;
				PRODUCT_NAME = "$(TARGET_NAME)";
				SWIFT_EMIT_LOC_STRINGS = YES;
				SWIFT_VERSION = 5.0;
				TARGETED_DEVICE_FAMILY = "1,2";
			};
			name = Release;
		};
/* End XCBuildConfiguration section */

/* Begin XCConfigurationList section */
		23D1B726280033FB000EDA70 /* Build configuration list for PBXProject "RideTogether" */ = {
			isa = XCConfigurationList;
			buildConfigurations = (
				23D1B73D280033FC000EDA70 /* Debug */,
				23D1B73E280033FC000EDA70 /* Release */,
			);
			defaultConfigurationIsVisible = 0;
			defaultConfigurationName = Release;
		};
		23D1B73F280033FC000EDA70 /* Build configuration list for PBXNativeTarget "RideTogether" */ = {
			isa = XCConfigurationList;
			buildConfigurations = (
				23D1B740280033FC000EDA70 /* Debug */,
				23D1B741280033FC000EDA70 /* Release */,
			);
			defaultConfigurationIsVisible = 0;
			defaultConfigurationName = Release;
		};
/* End XCConfigurationList section */

/* Begin XCVersionGroup section */
		231BCB3D28069EDF00DE2343 /* OpenGpxTracker.xcdatamodeld */ = {
			isa = XCVersionGroup;
			children = (
				231BCB3E28069EDF00DE2343 /* OpenGpxTracker.xcdatamodel */,
			);
			currentVersion = 231BCB3E28069EDF00DE2343 /* OpenGpxTracker.xcdatamodel */;
			path = OpenGpxTracker.xcdatamodeld;
			sourceTree = "<group>";
			versionGroupType = wrapper.xcdatamodel;
		};
/* End XCVersionGroup section */
	};
	rootObject = 23D1B723280033FB000EDA70 /* Project object */;
}
