PODS:
  - Charts (4.1.0):
    - Charts/Core (= 4.1.0)
  - Charts/Core (4.1.0):
    - SwiftAlgorithms (~> 1.0)
  - CoreGPX (0.9.0)
  - IQKeyboardManagerSwift (6.5.9)
  - JGProgressHUD (2.2)
  - Kingfisher (7.11.0)
  - lottie-ios (3.3.0)
  - MASegmentedControl (0.0.5)
  - MJRefresh (3.7.5)
  - RSKPlaceholderTextView (6.1.0)
  - SwiftAlgorithms (1.0.0)
  - SwiftLint (0.47.0)

DEPENDENCIES:
  - Charts (~> 4.1.0)
  - CoreGPX
  - IQKeyboardManagerSwift
  - JGProgressHUD
  - Kingfisher (~> 7.11.0)
  - lottie-ios
  - MASegmentedControl
  - MJRefresh
  - RSKPlaceholderTextView
  - SwiftLint

SPEC REPOS:
  trunk:
    - Charts
    - CoreGPX
    - IQKeyboardManagerSwift
    - JGProgressHUD
    - Kingfisher
    - lottie-ios
    - MASegmentedControl
    - MJRefresh
    - RSKPlaceholderTextView
    - SwiftAlgorithms
    - SwiftLint

SPEC CHECKSUMS:
  Charts: ce0768268078eee0336f122c3c4ca248e4e204c5
  CoreGPX: 1381c8c47428c3a6bcac2f93d25ca1c5e3525811
  IQKeyboardManagerSwift: 6e839c575c4aa1078d58a596e41244e77abe918f
  JGProgressHUD: d83d7a981b85d11205e19ff8ad5bb9c40571c847
  Kingfisher: b9c985d864d43515f404f1ef4a8ce7d802ace3ac
  lottie-ios: 6ac74dcc09904798f59b18cb3075c089d76be9ae
  MASegmentedControl: 9b58f9ba3a562a739b63b29e4ca2b9dc4d9c62cb
  MJRefresh: fdf5e979eb406a0341468932d1dfc8b7f9fce961
  RSKPlaceholderTextView: 52f26e643b6f9bbf16f45cd2bbe2181b6dfe090c
  SwiftAlgorithms: 38dda4731d19027fdeee1125f973111bf3386b53
  SwiftLint: d41cc46a2ae58ac6d9f26954bc89f1d72e71fdef

PODFILE CHECKSUM: 59a3aef6a516710ad3284c41fcd89d9c90e6f003

COCOAPODS: 1.16.2
